// !$*UTF8*$!
{
	archiveVersion = 1;
	classes = {
	};
	objectVersion = 54;
	objects = {

/* Begin PBXBuildFile section */
		425E1D802E8818AA00864160 /* atomic.c in Sources */ = {isa = PBXBuildFile; fileRef = 425E1B6D2E88145600864160 /* atomic.c */; };
		425E1D812E8818AA00864160 /* rwlock.c in Sources */ = {isa = PBXBuildFile; fileRef = 425E1B6E2E88145600864160 /* rwlock.c */; };
		425E1D822E8818AA00864160 /* aes.c in Sources */ = {isa = PBXBuildFile; fileRef = 425E1B702E88145600864160 /* aes.c */; };
		425E1D832E8818AA00864160 /* base16.c in Sources */ = {isa = PBXBuildFile; fileRef = 425E1B712E88145600864160 /* base16.c */; };
		425E1D842E8818AA00864160 /* base58.c in Sources */ = {isa = PBXBuildFile; fileRef = 425E1B722E88145600864160 /* base58.c */; };
		425E1D852E8818AA00864160 /* base64.c in Sources */ = {isa = PBXBuildFile; fileRef = 425E1B732E88145600864160 /* base64.c */; };
		425E1D862E8818AA00864160 /* des.c in Sources */ = {isa = PBXBuildFile; fileRef = 425E1B742E88145600864160 /* des.c */; };
		425E1D872E8818AA00864160 /* hmac.c in Sources */ = {isa = PBXBuildFile; fileRef = 425E1B752E88145600864160 /* hmac.c */; };
		425E1D882E8818AA00864160 /* md2.c in Sources */ = {isa = PBXBuildFile; fileRef = 425E1B762E88145600864160 /* md2.c */; };
		425E1D892E8818AA00864160 /* md4.c in Sources */ = {isa = PBXBuildFile; fileRef = 425E1B772E88145600864160 /* md4.c */; };
		425E1D8A2E8818AA00864160 /* md5.c in Sources */ = {isa = PBXBuildFile; fileRef = 425E1B782E88145600864160 /* md5.c */; };
		425E1D8B2E8818AA00864160 /* sha1.c in Sources */ = {isa = PBXBuildFile; fileRef = 425E1B792E88145600864160 /* sha1.c */; };
		425E1D8C2E8818AA00864160 /* sha256.c in Sources */ = {isa = PBXBuildFile; fileRef = 425E1B7A2E88145600864160 /* sha256.c */; };
		425E1D8D2E8818AA00864160 /* sha512.c in Sources */ = {isa = PBXBuildFile; fileRef = 425E1B7B2E88145600864160 /* sha512.c */; };
		425E1D8E2E8818AA00864160 /* xxtea.c in Sources */ = {isa = PBXBuildFile; fileRef = 425E1B7C2E88145600864160 /* xxtea.c */; };
		425E1D8F2E8818AA00864160 /* mysql.c in Sources */ = {isa = PBXBuildFile; fileRef = 425E1B7E2E88145600864160 /* mysql.c */; };
		425E1D902E8818AA00864160 /* oci8.c in Sources */ = {isa = PBXBuildFile; fileRef = 425E1B7F2E88145600864160 /* oci8.c */; };
		425E1D912E8818AA00864160 /* sqlite.c in Sources */ = {isa = PBXBuildFile; fileRef = 425E1B802E88145600864160 /* sqlite.c */; };
		425E1D922E8818AA00864160 /* sqlsvr.c in Sources */ = {isa = PBXBuildFile; fileRef = 425E1B812E88145600864160 /* sqlsvr.c */; };
		425E1D952E8818AA00864160 /* buffer.c in Sources */ = {isa = PBXBuildFile; fileRef = 425E1B872E88145600864160 /* buffer.c */; };
		425E1D962E8818AA00864160 /* event.c in Sources */ = {isa = PBXBuildFile; fileRef = 425E1B882E88145600864160 /* event.c */; };
		425E1D972E8818AA00864160 /* event.c.h in Sources */ = {isa = PBXBuildFile; fileRef = 425E1B892E88145600864160 /* event.c.h */; };
		425E1D982E8818AA00864160 /* loop.c in Sources */ = {isa = PBXBuildFile; fileRef = 425E1B8A2E88145600864160 /* loop.c */; };
		425E1D992E8818AA00864160 /* OpenSSL.c in Sources */ = {isa = PBXBuildFile; fileRef = 425E1B8B2E88145600864160 /* OpenSSL.c */; };
		425E1D9A2E8818AA00864160 /* select.c in Sources */ = {isa = PBXBuildFile; fileRef = 425E1B8C2E88145600864160 /* select.c */; };
		425E1D9B2E8818AA00864160 /* tcp.c in Sources */ = {isa = PBXBuildFile; fileRef = 425E1B8D2E88145600864160 /* tcp.c */; };
		425E1D9C2E8818AA00864160 /* timeout.c in Sources */ = {isa = PBXBuildFile; fileRef = 425E1B8E2E88145600864160 /* timeout.c */; };
		425E1D9D2E8818AA00864160 /* generic.c in Sources */ = {isa = PBXBuildFile; fileRef = 425E1B9D2E88145600864160 /* generic.c */; };
		425E1D9E2E8818AA00864160 /* generic.c.h in Sources */ = {isa = PBXBuildFile; fileRef = 425E1B9E2E88145600864160 /* generic.c.h */; };
		425E1D9F2E8818AA00864160 /* gzip.c in Sources */ = {isa = PBXBuildFile; fileRef = 425E1B9F2E88145600864160 /* gzip.c */; };
		425E1DA02E8818AA00864160 /* inet.c in Sources */ = {isa = PBXBuildFile; fileRef = 425E1BA02E88145600864160 /* inet.c */; };
		425E1DA12E8818AA00864160 /* power.c in Sources */ = {isa = PBXBuildFile; fileRef = 425E1BA12E88145600864160 /* power.c */; };
		425E1DA22E8818AA00864160 /* socket.c in Sources */ = {isa = PBXBuildFile; fileRef = 425E1BA22E88145600864160 /* socket.c */; };
		425E1DA32E8818AA00864160 /* strptime.c in Sources */ = {isa = PBXBuildFile; fileRef = 425E1BA32E88145600864160 /* strptime.c */; };
		425E1DA42E8818AA00864160 /* tick.c in Sources */ = {isa = PBXBuildFile; fileRef = 425E1BA42E88145600864160 /* tick.c */; };
		425E1DA52E8818AA00864160 /* time.c in Sources */ = {isa = PBXBuildFile; fileRef = 425E1BA52E88145600864160 /* time.c */; };
		425E1DA62E8818AA00864160 /* WS.c in Sources */ = {isa = PBXBuildFile; fileRef = 425E1BA62E88145600864160 /* WS.c */; };
		425E1DA72E8818AA00864160 /* header.c in Sources */ = {isa = PBXBuildFile; fileRef = 425E1BA82E88145600864160 /* header.c */; };
		425E1DA82E8818AA00864160 /* request.parser.c in Sources */ = {isa = PBXBuildFile; fileRef = 425E1BA92E88145600864160 /* request.parser.c */; };
		425E1DA92E8818AA00864160 /* response.parser.c in Sources */ = {isa = PBXBuildFile; fileRef = 425E1BAA2E88145600864160 /* response.parser.c */; };
		425E1DAA2E8818AA00864160 /* ini.c in Sources */ = {isa = PBXBuildFile; fileRef = 425E1BAC2E88145600864160 /* ini.c */; };
		425E1DAB2E8818AA00864160 /* ini.c.h in Sources */ = {isa = PBXBuildFile; fileRef = 425E1BAD2E88145600864160 /* ini.c.h */; };
		425E1DAC2E8818AA00864160 /* ini.parser.c in Sources */ = {isa = PBXBuildFile; fileRef = 425E1BAE2E88145600864160 /* ini.parser.c */; };
		425E1DAD2E8818AA00864160 /* json.c in Sources */ = {isa = PBXBuildFile; fileRef = 425E1BB42E88145600864160 /* json.c */; };
		425E1DAE2E8818AA00864160 /* json.array.c in Sources */ = {isa = PBXBuildFile; fileRef = 425E1BB52E88145600864160 /* json.array.c */; };
		425E1DAF2E8818AA00864160 /* json.c.h in Sources */ = {isa = PBXBuildFile; fileRef = 425E1BB62E88145600864160 /* json.c.h */; };
		425E1DB02E8818AA00864160 /* json.object.c in Sources */ = {isa = PBXBuildFile; fileRef = 425E1BB72E88145600864160 /* json.object.c */; };
		425E1DB12E8818AA00864160 /* json.parser.c in Sources */ = {isa = PBXBuildFile; fileRef = 425E1BB82E88145600864160 /* json.parser.c */; };
		425E1DB22E8818AA00864160 /* alloc.c in Sources */ = {isa = PBXBuildFile; fileRef = 425E1BBA2E88145600864160 /* alloc.c */; };
		425E1DB32E8818AA00864160 /* debug.malloc.c in Sources */ = {isa = PBXBuildFile; fileRef = 425E1BBB2E88145600864160 /* debug.malloc.c */; };
		425E1DB42E8818AA00864160 /* debug.tracked.c in Sources */ = {isa = PBXBuildFile; fileRef = 425E1BBC2E88145600864160 /* debug.tracked.c */; };
		425E1DB52E8818AA00864160 /* debug.tracked.c.h in Sources */ = {isa = PBXBuildFile; fileRef = 425E1BBD2E88145600864160 /* debug.tracked.c.h */; };
		425E1DB62E8818AA00864160 /* sys_clipboard.m in Sources */ = {isa = PBXBuildFile; fileRef = 425E1BD32E88145600864160 /* sys_clipboard.m */; };
		425E1DB72E8818AA00864160 /* sys_dirent.m in Sources */ = {isa = PBXBuildFile; fileRef = 425E1BD42E88145600864160 /* sys_dirent.m */; };
		425E1DB82E8818AA00864160 /* sys_file.m in Sources */ = {isa = PBXBuildFile; fileRef = 425E1BD52E88145600864160 /* sys_file.m */; };
		425E1DB92E8818AA00864160 /* sys_locale.m in Sources */ = {isa = PBXBuildFile; fileRef = 425E1BD62E88145600864160 /* sys_locale.m */; };
		425E1DBA2E8818AA00864160 /* sys_osx.m in Sources */ = {isa = PBXBuildFile; fileRef = 425E1BD72E88145600864160 /* sys_osx.m */; };
		425E1DBB2E8818AA00864160 /* sys_power.c in Sources */ = {isa = PBXBuildFile; fileRef = 425E1BD82E88145600864160 /* sys_power.c */; };
		425E1DBC2E8818AA00864160 /* sys_kqueue.c in Sources */ = {isa = PBXBuildFile; fileRef = 425E1BDC2E88145600864160 /* sys_kqueue.c */; };
		425E1DBD2E8818AA00864160 /* sys_loadso.c in Sources */ = {isa = PBXBuildFile; fileRef = 425E1BDD2E88145600864160 /* sys_loadso.c */; };
		425E1DBE2E8818AA00864160 /* sys_poll.c in Sources */ = {isa = PBXBuildFile; fileRef = 425E1BDF2E88145600864160 /* sys_poll.c */; };
		425E1DBF2E8818AA00864160 /* sys_socket.c in Sources */ = {isa = PBXBuildFile; fileRef = 425E1BE02E88145600864160 /* sys_socket.c */; };
		425E1DC02E8818AA00864160 /* sys_time.c in Sources */ = {isa = PBXBuildFile; fileRef = 425E1BE12E88145600864160 /* sys_time.c */; };
		425E1DC12E8818AA00864160 /* sys_unix.c in Sources */ = {isa = PBXBuildFile; fileRef = 425E1BE22E88145600864160 /* sys_unix.c */; };
		425E1DC22E8818AA00864160 /* platform.c in Sources */ = {isa = PBXBuildFile; fileRef = 425E1BF42E88145600864160 /* platform.c */; };
		425E1DC32E8818AA00864160 /* connected.c in Sources */ = {isa = PBXBuildFile; fileRef = 425E1BF62E88145600864160 /* connected.c */; };
		425E1DC42E8818AA00864160 /* from_rcpt.c in Sources */ = {isa = PBXBuildFile; fileRef = 425E1BF72E88145600864160 /* from_rcpt.c */; };
		425E1DC52E8818AA00864160 /* libsmtp.c in Sources */ = {isa = PBXBuildFile; fileRef = 425E1BF82E88145600864160 /* libsmtp.c */; };
		425E1DC62E8818AA00864160 /* login.c in Sources */ = {isa = PBXBuildFile; fileRef = 425E1BF92E88145600864160 /* login.c */; };
		425E1DC72E8818AA00864160 /* sys_mutex.c in Sources */ = {isa = PBXBuildFile; fileRef = 425E1BFB2E88145600864160 /* sys_mutex.c */; };
		425E1DC82E8818AA00864160 /* sys_sem.c in Sources */ = {isa = PBXBuildFile; fileRef = 425E1BFC2E88145600864160 /* sys_sem.c */; };
		425E1DC92E8818AA00864160 /* sys_thread.c.h in Sources */ = {isa = PBXBuildFile; fileRef = 425E1BFD2E88145600864160 /* sys_thread.c.h */; };
		425E1DCA2E8818AA00864160 /* sys_cond.c in Sources */ = {isa = PBXBuildFile; fileRef = 425E1BFF2E88145600864160 /* sys_cond.c */; };
		425E1DCB2E8818AA00864160 /* sys_thread.c in Sources */ = {isa = PBXBuildFile; fileRef = 425E1C022E88145600864160 /* sys_thread.c */; };
		425E1DCC2E8818AA00864160 /* sys_thread.c.h in Sources */ = {isa = PBXBuildFile; fileRef = 425E1C032E88145600864160 /* sys_thread.c.h */; };
		425E1DCD2E8818AA00864160 /* thread.c in Sources */ = {isa = PBXBuildFile; fileRef = 425E1C0C2E88145600864160 /* thread.c */; };
		425E1DCE2E8818AA00864160 /* url_request.c in Sources */ = {isa = PBXBuildFile; fileRef = 425E1C0E2E88145600864160 /* url_request.c */; };
		425E1DCF2E8818AA00864160 /* url_response.c in Sources */ = {isa = PBXBuildFile; fileRef = 425E1C0F2E88145600864160 /* url_response.c */; };
		425E1DD02E8818AA00864160 /* url_request.c in Sources */ = {isa = PBXBuildFile; fileRef = 425E1C112E88145600864160 /* url_request.c */; };
		425E1DD12E8818AA00864160 /* xml.c in Sources */ = {isa = PBXBuildFile; fileRef = 425E1C142E88145600864160 /* xml.c */; };
		425E1DD22E8818AA00864160 /* xml.c.h in Sources */ = {isa = PBXBuildFile; fileRef = 425E1C152E88145600864160 /* xml.c.h */; };
		425E1DD32E8818AA00864160 /* xml.parser.c in Sources */ = {isa = PBXBuildFile; fileRef = 425E1C162E88145600864160 /* xml.parser.c */; };
		425E1DD42E8818AA00864160 /* array.c in Sources */ = {isa = PBXBuildFile; fileRef = 425E1C182E88145600864160 /* array.c */; };
		425E1DD52E8818AA00864160 /* buf.c in Sources */ = {isa = PBXBuildFile; fileRef = 425E1C192E88145600864160 /* buf.c */; };
		425E1DD62E8818AA00864160 /* cpu.c in Sources */ = {isa = PBXBuildFile; fileRef = 425E1C1A2E88145600864160 /* cpu.c */; };
		425E1DD72E8818AA00864160 /* crc.c in Sources */ = {isa = PBXBuildFile; fileRef = 425E1C1B2E88145600864160 /* crc.c */; };
		425E1DD82E8818AA00864160 /* file.c in Sources */ = {isa = PBXBuildFile; fileRef = 425E1C1C2E88145600864160 /* file.c */; };
		425E1DD92E8818AA00864160 /* GBK.c in Sources */ = {isa = PBXBuildFile; fileRef = 425E1C1D2E88145600864160 /* GBK.c */; };
		425E1DDA2E8818AA00864160 /* hmap.c in Sources */ = {isa = PBXBuildFile; fileRef = 425E1C1E2E88145600864160 /* hmap.c */; };
		425E1DDB2E8818AA00864160 /* list.c in Sources */ = {isa = PBXBuildFile; fileRef = 425E1C1F2E88145600864160 /* list.c */; };
		425E1DDC2E8818AA00864160 /* logger.c in Sources */ = {isa = PBXBuildFile; fileRef = 425E1C202E88145600864160 /* logger.c */; };
		425E1DDD2E8818AA00864160 /* main.c in Sources */ = {isa = PBXBuildFile; fileRef = 425E1C212E88145600864160 /* main.c */; };
		425E1DDE2E8818AA00864160 /* queue.c in Sources */ = {isa = PBXBuildFile; fileRef = 425E1C222E88145600864160 /* queue.c */; };
		425E1DDF2E8818AA00864160 /* rand.c in Sources */ = {isa = PBXBuildFile; fileRef = 425E1C232E88145600864160 /* rand.c */; };
		425E1DE02E8818AA00864160 /* rbtree.c in Sources */ = {isa = PBXBuildFile; fileRef = 425E1C242E88145600864160 /* rbtree.c */; };
		425E1DE12E8818AA00864160 /* ring.c in Sources */ = {isa = PBXBuildFile; fileRef = 425E1C252E88145600864160 /* ring.c */; };
		425E1DE22E8818AA00864160 /* sds.c in Sources */ = {isa = PBXBuildFile; fileRef = 425E1C262E88145600864160 /* sds.c */; };
		425E1DE32E8818AA00864160 /* string.c in Sources */ = {isa = PBXBuildFile; fileRef = 425E1C272E88145600864160 /* string.c */; };
		425E1DE42E8818AA00864160 /* syslog.c in Sources */ = {isa = PBXBuildFile; fileRef = 425E1C282E88145600864160 /* syslog.c */; };
		425E1DE52E8818AA00864160 /* url.c in Sources */ = {isa = PBXBuildFile; fileRef = 425E1C292E88145600864160 /* url.c */; };
		425E1DE62E8818AA00864160 /* UTF.c in Sources */ = {isa = PBXBuildFile; fileRef = 425E1C2A2E88145600864160 /* UTF.c */; };
		425E1DE72E8818AA00864160 /* uuid.c in Sources */ = {isa = PBXBuildFile; fileRef = 425E1C2B2E88145600864160 /* uuid.c */; };
		425E1DE82E881A4200864160 /* libcrypto.3.dylib in Frameworks */ = {isa = PBXBuildFile; fileRef = 42AC37252E7D768C00B44396 /* libcrypto.3.dylib */; };
		425E1DE92E881A4200864160 /* libssl.3.dylib in Frameworks */ = {isa = PBXBuildFile; fileRef = 42AC37272E7D76A200B44396 /* libssl.3.dylib */; };
		425E1DEB2E881A4200864160 /* libodbc.2.dylib in Frameworks */ = {isa = PBXBuildFile; fileRef = 425E1DEA2E881A4200864160 /* libodbc.2.dylib */; };
		425E1DED2E881A6E00864160 /* libsqlite3.0.tbd in Frameworks */ = {isa = PBXBuildFile; fileRef = 426BE25E2E5DD17800CE8D50 /* libsqlite3.0.tbd */; };
		425E1DEF2E881A8900864160 /* libz.1.2.8.tbd in Frameworks */ = {isa = PBXBuildFile; fileRef = 425E1DEE2E881A8900864160 /* libz.1.2.8.tbd */; };
		425E1DFE2E881CBC00864160 /* libssl.3.dylib in CopyFiles */ = {isa = PBXBuildFile; fileRef = 42AC37272E7D76A200B44396 /* libssl.3.dylib */; settings = {ATTRIBUTES = (CodeSignOnCopy, ); }; };
		425E1DFF2E881CBC00864160 /* libcrypto.3.dylib in CopyFiles */ = {isa = PBXBuildFile; fileRef = 42AC37252E7D768C00B44396 /* libcrypto.3.dylib */; settings = {ATTRIBUTES = (CodeSignOnCopy, ); }; };
		425E1E002E881D7E00864160 /* libz.1.2.8.tbd in CopyFiles */ = {isa = PBXBuildFile; fileRef = 425E1DEE2E881A8900864160 /* libz.1.2.8.tbd */; settings = {ATTRIBUTES = (CodeSignOnCopy, ); }; };
		425E1E012E881D7E00864160 /* libiodbcinst.2.1.18.tbd in CopyFiles */ = {isa = PBXBuildFile; fileRef = 426BE2622E5DD18A00CE8D50 /* libiodbcinst.2.1.18.tbd */; settings = {ATTRIBUTES = (CodeSignOnCopy, ); }; };
		425E1E022E881D7E00864160 /* libiodbc.2.1.18.tbd in CopyFiles */ = {isa = PBXBuildFile; fileRef = 426BE2602E5DD18400CE8D50 /* libiodbc.2.1.18.tbd */; settings = {ATTRIBUTES = (CodeSignOnCopy, ); }; };
		425E1E032E881D7E00864160 /* libsqlite3.0.tbd in CopyFiles */ = {isa = PBXBuildFile; fileRef = 426BE25E2E5DD17800CE8D50 /* libsqlite3.0.tbd */; settings = {ATTRIBUTES = (CodeSignOnCopy, ); }; };
		425E1E052E881E7900864160 /* libodbc.2.dylib in CopyFiles */ = {isa = PBXBuildFile; fileRef = 425E1DEA2E881A4200864160 /* libodbc.2.dylib */; settings = {ATTRIBUTES = (CodeSignOnCopy, ); }; };
		425E1EAE2E88208400864160 /* libmysqlclient.a in Frameworks */ = {isa = PBXBuildFile; fileRef = 425E1EAD2E88208400864160 /* libmysqlclient.a */; };
/* End PBXBuildFile section */

/* Begin PBXCopyFilesBuildPhase section */
		425E1DFB2E881C9C00864160 /* CopyFiles */ = {
			isa = PBXCopyFilesBuildPhase;
			buildActionMask = 12;
			dstPath = "";
			dstSubfolderSpec = 10;
			files = (
				425E1E052E881E7900864160 /* libodbc.2.dylib in CopyFiles */,
				425E1E002E881D7E00864160 /* libz.1.2.8.tbd in CopyFiles */,
				425E1E012E881D7E00864160 /* libiodbcinst.2.1.18.tbd in CopyFiles */,
				425E1E022E881D7E00864160 /* libiodbc.2.1.18.tbd in CopyFiles */,
				425E1E032E881D7E00864160 /* libsqlite3.0.tbd in CopyFiles */,
				425E1DFE2E881CBC00864160 /* libssl.3.dylib in CopyFiles */,
				425E1DFF2E881CBC00864160 /* libcrypto.3.dylib in CopyFiles */,
			);
			runOnlyForDeploymentPostprocessing = 0;
		};
/* End PBXCopyFilesBuildPhase section */

/* Begin PBXFileReference section */
		41E3A70A29FE47D900BEFBD6 /* libz.tbd */ = {isa = PBXFileReference; lastKnownFileType = "sourcecode.text-based-dylib-definition"; name = libz.tbd; path = usr/lib/libz.tbd; sourceTree = SDKROOT; };
		425E1B6D2E88145600864160 /* atomic.c */ = {isa = PBXFileReference; lastKnownFileType = sourcecode.c.c; path = atomic.c; sourceTree = "<group>"; };
		425E1B6E2E88145600864160 /* rwlock.c */ = {isa = PBXFileReference; lastKnownFileType = sourcecode.c.c; path = rwlock.c; sourceTree = "<group>"; };
		425E1B702E88145600864160 /* aes.c */ = {isa = PBXFileReference; lastKnownFileType = sourcecode.c.c; path = aes.c; sourceTree = "<group>"; };
		425E1B712E88145600864160 /* base16.c */ = {isa = PBXFileReference; lastKnownFileType = sourcecode.c.c; path = base16.c; sourceTree = "<group>"; };
		425E1B722E88145600864160 /* base58.c */ = {isa = PBXFileReference; lastKnownFileType = sourcecode.c.c; path = base58.c; sourceTree = "<group>"; };
		425E1B732E88145600864160 /* base64.c */ = {isa = PBXFileReference; lastKnownFileType = sourcecode.c.c; path = base64.c; sourceTree = "<group>"; };
		425E1B742E88145600864160 /* des.c */ = {isa = PBXFileReference; lastKnownFileType = sourcecode.c.c; path = des.c; sourceTree = "<group>"; };
		425E1B752E88145600864160 /* hmac.c */ = {isa = PBXFileReference; lastKnownFileType = sourcecode.c.c; path = hmac.c; sourceTree = "<group>"; };
		425E1B762E88145600864160 /* md2.c */ = {isa = PBXFileReference; lastKnownFileType = sourcecode.c.c; path = md2.c; sourceTree = "<group>"; };
		425E1B772E88145600864160 /* md4.c */ = {isa = PBXFileReference; lastKnownFileType = sourcecode.c.c; path = md4.c; sourceTree = "<group>"; };
		425E1B782E88145600864160 /* md5.c */ = {isa = PBXFileReference; lastKnownFileType = sourcecode.c.c; path = md5.c; sourceTree = "<group>"; };
		425E1B792E88145600864160 /* sha1.c */ = {isa = PBXFileReference; lastKnownFileType = sourcecode.c.c; path = sha1.c; sourceTree = "<group>"; };
		425E1B7A2E88145600864160 /* sha256.c */ = {isa = PBXFileReference; lastKnownFileType = sourcecode.c.c; path = sha256.c; sourceTree = "<group>"; };
		425E1B7B2E88145600864160 /* sha512.c */ = {isa = PBXFileReference; lastKnownFileType = sourcecode.c.c; path = sha512.c; sourceTree = "<group>"; };
		425E1B7C2E88145600864160 /* xxtea.c */ = {isa = PBXFileReference; lastKnownFileType = sourcecode.c.c; path = xxtea.c; sourceTree = "<group>"; };
		425E1B7E2E88145600864160 /* mysql.c */ = {isa = PBXFileReference; lastKnownFileType = sourcecode.c.c; path = mysql.c; sourceTree = "<group>"; };
		425E1B7F2E88145600864160 /* oci8.c */ = {isa = PBXFileReference; lastKnownFileType = sourcecode.c.c; path = oci8.c; sourceTree = "<group>"; };
		425E1B802E88145600864160 /* sqlite.c */ = {isa = PBXFileReference; lastKnownFileType = sourcecode.c.c; path = sqlite.c; sourceTree = "<group>"; };
		425E1B812E88145600864160 /* sqlsvr.c */ = {isa = PBXFileReference; lastKnownFileType = sourcecode.c.c; path = sqlsvr.c; sourceTree = "<group>"; };
		425E1B872E88145600864160 /* buffer.c */ = {isa = PBXFileReference; lastKnownFileType = sourcecode.c.c; path = buffer.c; sourceTree = "<group>"; };
		425E1B882E88145600864160 /* event.c */ = {isa = PBXFileReference; lastKnownFileType = sourcecode.c.c; path = event.c; sourceTree = "<group>"; };
		425E1B892E88145600864160 /* event.c.h */ = {isa = PBXFileReference; lastKnownFileType = sourcecode.c.h; path = event.c.h; sourceTree = "<group>"; };
		425E1B8A2E88145600864160 /* loop.c */ = {isa = PBXFileReference; lastKnownFileType = sourcecode.c.c; path = loop.c; sourceTree = "<group>"; };
		425E1B8B2E88145600864160 /* OpenSSL.c */ = {isa = PBXFileReference; lastKnownFileType = sourcecode.c.c; path = OpenSSL.c; sourceTree = "<group>"; };
		425E1B8C2E88145600864160 /* select.c */ = {isa = PBXFileReference; lastKnownFileType = sourcecode.c.c; path = select.c; sourceTree = "<group>"; };
		425E1B8D2E88145600864160 /* tcp.c */ = {isa = PBXFileReference; lastKnownFileType = sourcecode.c.c; path = tcp.c; sourceTree = "<group>"; };
		425E1B8E2E88145600864160 /* timeout.c */ = {isa = PBXFileReference; lastKnownFileType = sourcecode.c.c; path = timeout.c; sourceTree = "<group>"; };
		425E1B9D2E88145600864160 /* generic.c */ = {isa = PBXFileReference; lastKnownFileType = sourcecode.c.c; path = generic.c; sourceTree = "<group>"; };
		425E1B9E2E88145600864160 /* generic.c.h */ = {isa = PBXFileReference; lastKnownFileType = sourcecode.c.h; path = generic.c.h; sourceTree = "<group>"; };
		425E1B9F2E88145600864160 /* gzip.c */ = {isa = PBXFileReference; lastKnownFileType = sourcecode.c.c; path = gzip.c; sourceTree = "<group>"; };
		425E1BA02E88145600864160 /* inet.c */ = {isa = PBXFileReference; lastKnownFileType = sourcecode.c.c; path = inet.c; sourceTree = "<group>"; };
		425E1BA12E88145600864160 /* power.c */ = {isa = PBXFileReference; lastKnownFileType = sourcecode.c.c; path = power.c; sourceTree = "<group>"; };
		425E1BA22E88145600864160 /* socket.c */ = {isa = PBXFileReference; lastKnownFileType = sourcecode.c.c; path = socket.c; sourceTree = "<group>"; };
		425E1BA32E88145600864160 /* strptime.c */ = {isa = PBXFileReference; lastKnownFileType = sourcecode.c.c; path = strptime.c; sourceTree = "<group>"; };
		425E1BA42E88145600864160 /* tick.c */ = {isa = PBXFileReference; lastKnownFileType = sourcecode.c.c; path = tick.c; sourceTree = "<group>"; };
		425E1BA52E88145600864160 /* time.c */ = {isa = PBXFileReference; lastKnownFileType = sourcecode.c.c; path = time.c; sourceTree = "<group>"; };
		425E1BA62E88145600864160 /* WS.c */ = {isa = PBXFileReference; lastKnownFileType = sourcecode.c.c; path = WS.c; sourceTree = "<group>"; };
		425E1BA82E88145600864160 /* header.c */ = {isa = PBXFileReference; lastKnownFileType = sourcecode.c.c; path = header.c; sourceTree = "<group>"; };
		425E1BA92E88145600864160 /* request.parser.c */ = {isa = PBXFileReference; lastKnownFileType = sourcecode.c.c; path = request.parser.c; sourceTree = "<group>"; };
		425E1BAA2E88145600864160 /* response.parser.c */ = {isa = PBXFileReference; lastKnownFileType = sourcecode.c.c; path = response.parser.c; sourceTree = "<group>"; };
		425E1BAC2E88145600864160 /* ini.c */ = {isa = PBXFileReference; lastKnownFileType = sourcecode.c.c; path = ini.c; sourceTree = "<group>"; };
		425E1BAD2E88145600864160 /* ini.c.h */ = {isa = PBXFileReference; lastKnownFileType = sourcecode.c.h; path = ini.c.h; sourceTree = "<group>"; };
		425E1BAE2E88145600864160 /* ini.parser.c */ = {isa = PBXFileReference; lastKnownFileType = sourcecode.c.c; path = ini.parser.c; sourceTree = "<group>"; };
		425E1BB42E88145600864160 /* json.c */ = {isa = PBXFileReference; lastKnownFileType = sourcecode.c.c; path = json.c; sourceTree = "<group>"; };
		425E1BB52E88145600864160 /* json.array.c */ = {isa = PBXFileReference; lastKnownFileType = sourcecode.c.c; path = json.array.c; sourceTree = "<group>"; };
		425E1BB62E88145600864160 /* json.c.h */ = {isa = PBXFileReference; lastKnownFileType = sourcecode.c.h; path = json.c.h; sourceTree = "<group>"; };
		425E1BB72E88145600864160 /* json.object.c */ = {isa = PBXFileReference; lastKnownFileType = sourcecode.c.c; path = json.object.c; sourceTree = "<group>"; };
		425E1BB82E88145600864160 /* json.parser.c */ = {isa = PBXFileReference; lastKnownFileType = sourcecode.c.c; path = json.parser.c; sourceTree = "<group>"; };
		425E1BBA2E88145600864160 /* alloc.c */ = {isa = PBXFileReference; lastKnownFileType = sourcecode.c.c; path = alloc.c; sourceTree = "<group>"; };
		425E1BBB2E88145600864160 /* debug.malloc.c */ = {isa = PBXFileReference; lastKnownFileType = sourcecode.c.c; path = debug.malloc.c; sourceTree = "<group>"; };
		425E1BBC2E88145600864160 /* debug.tracked.c */ = {isa = PBXFileReference; lastKnownFileType = sourcecode.c.c; path = debug.tracked.c; sourceTree = "<group>"; };
		425E1BBD2E88145600864160 /* debug.tracked.c.h */ = {isa = PBXFileReference; lastKnownFileType = sourcecode.c.h; path = debug.tracked.c.h; sourceTree = "<group>"; };
		425E1BD32E88145600864160 /* sys_clipboard.m */ = {isa = PBXFileReference; lastKnownFileType = sourcecode.c.objc; path = sys_clipboard.m; sourceTree = "<group>"; };
		425E1BD42E88145600864160 /* sys_dirent.m */ = {isa = PBXFileReference; lastKnownFileType = sourcecode.c.objc; path = sys_dirent.m; sourceTree = "<group>"; };
		425E1BD52E88145600864160 /* sys_file.m */ = {isa = PBXFileReference; lastKnownFileType = sourcecode.c.objc; path = sys_file.m; sourceTree = "<group>"; };
		425E1BD62E88145600864160 /* sys_locale.m */ = {isa = PBXFileReference; lastKnownFileType = sourcecode.c.objc; path = sys_locale.m; sourceTree = "<group>"; };
		425E1BD72E88145600864160 /* sys_osx.m */ = {isa = PBXFileReference; lastKnownFileType = sourcecode.c.objc; path = sys_osx.m; sourceTree = "<group>"; };
		425E1BD82E88145600864160 /* sys_power.c */ = {isa = PBXFileReference; lastKnownFileType = sourcecode.c.c; path = sys_power.c; sourceTree = "<group>"; };
		425E1BDC2E88145600864160 /* sys_kqueue.c */ = {isa = PBXFileReference; lastKnownFileType = sourcecode.c.c; path = sys_kqueue.c; sourceTree = "<group>"; };
		425E1BDD2E88145600864160 /* sys_loadso.c */ = {isa = PBXFileReference; lastKnownFileType = sourcecode.c.c; path = sys_loadso.c; sourceTree = "<group>"; };
		425E1BDF2E88145600864160 /* sys_poll.c */ = {isa = PBXFileReference; lastKnownFileType = sourcecode.c.c; path = sys_poll.c; sourceTree = "<group>"; };
		425E1BE02E88145600864160 /* sys_socket.c */ = {isa = PBXFileReference; lastKnownFileType = sourcecode.c.c; path = sys_socket.c; sourceTree = "<group>"; };
		425E1BE12E88145600864160 /* sys_time.c */ = {isa = PBXFileReference; lastKnownFileType = sourcecode.c.c; path = sys_time.c; sourceTree = "<group>"; };
		425E1BE22E88145600864160 /* sys_unix.c */ = {isa = PBXFileReference; lastKnownFileType = sourcecode.c.c; path = sys_unix.c; sourceTree = "<group>"; };
		425E1BF42E88145600864160 /* platform.c */ = {isa = PBXFileReference; lastKnownFileType = sourcecode.c.c; path = platform.c; sourceTree = "<group>"; };
		425E1BF62E88145600864160 /* connected.c */ = {isa = PBXFileReference; lastKnownFileType = sourcecode.c.c; path = connected.c; sourceTree = "<group>"; };
		425E1BF72E88145600864160 /* from_rcpt.c */ = {isa = PBXFileReference; lastKnownFileType = sourcecode.c.c; path = from_rcpt.c; sourceTree = "<group>"; };
		425E1BF82E88145600864160 /* libsmtp.c */ = {isa = PBXFileReference; lastKnownFileType = sourcecode.c.c; path = libsmtp.c; sourceTree = "<group>"; };
		425E1BF92E88145600864160 /* login.c */ = {isa = PBXFileReference; lastKnownFileType = sourcecode.c.c; path = login.c; sourceTree = "<group>"; };
		425E1BFB2E88145600864160 /* sys_mutex.c */ = {isa = PBXFileReference; lastKnownFileType = sourcecode.c.c; path = sys_mutex.c; sourceTree = "<group>"; };
		425E1BFC2E88145600864160 /* sys_sem.c */ = {isa = PBXFileReference; lastKnownFileType = sourcecode.c.c; path = sys_sem.c; sourceTree = "<group>"; };
		425E1BFD2E88145600864160 /* sys_thread.c.h */ = {isa = PBXFileReference; lastKnownFileType = sourcecode.c.h; path = sys_thread.c.h; sourceTree = "<group>"; };
		425E1BFF2E88145600864160 /* sys_cond.c */ = {isa = PBXFileReference; lastKnownFileType = sourcecode.c.c; path = sys_cond.c; sourceTree = "<group>"; };
		425E1C022E88145600864160 /* sys_thread.c */ = {isa = PBXFileReference; lastKnownFileType = sourcecode.c.c; path = sys_thread.c; sourceTree = "<group>"; };
		425E1C032E88145600864160 /* sys_thread.c.h */ = {isa = PBXFileReference; lastKnownFileType = sourcecode.c.h; path = sys_thread.c.h; sourceTree = "<group>"; };
		425E1C0C2E88145600864160 /* thread.c */ = {isa = PBXFileReference; lastKnownFileType = sourcecode.c.c; path = thread.c; sourceTree = "<group>"; };
		425E1C0E2E88145600864160 /* url_request.c */ = {isa = PBXFileReference; lastKnownFileType = sourcecode.c.c; path = url_request.c; sourceTree = "<group>"; };
		425E1C0F2E88145600864160 /* url_response.c */ = {isa = PBXFileReference; lastKnownFileType = sourcecode.c.c; path = url_response.c; sourceTree = "<group>"; };
		425E1C112E88145600864160 /* url_request.c */ = {isa = PBXFileReference; lastKnownFileType = sourcecode.c.c; path = url_request.c; sourceTree = "<group>"; };
		425E1C142E88145600864160 /* xml.c */ = {isa = PBXFileReference; lastKnownFileType = sourcecode.c.c; path = xml.c; sourceTree = "<group>"; };
		425E1C152E88145600864160 /* xml.c.h */ = {isa = PBXFileReference; lastKnownFileType = sourcecode.c.h; path = xml.c.h; sourceTree = "<group>"; };
		425E1C162E88145600864160 /* xml.parser.c */ = {isa = PBXFileReference; lastKnownFileType = sourcecode.c.c; path = xml.parser.c; sourceTree = "<group>"; };
		425E1C182E88145600864160 /* array.c */ = {isa = PBXFileReference; lastKnownFileType = sourcecode.c.c; path = array.c; sourceTree = "<group>"; };
		425E1C192E88145600864160 /* buf.c */ = {isa = PBXFileReference; lastKnownFileType = sourcecode.c.c; path = buf.c; sourceTree = "<group>"; };
		425E1C1A2E88145600864160 /* cpu.c */ = {isa = PBXFileReference; lastKnownFileType = sourcecode.c.c; path = cpu.c; sourceTree = "<group>"; };
		425E1C1B2E88145600864160 /* crc.c */ = {isa = PBXFileReference; lastKnownFileType = sourcecode.c.c; path = crc.c; sourceTree = "<group>"; };
		425E1C1C2E88145600864160 /* file.c */ = {isa = PBXFileReference; lastKnownFileType = sourcecode.c.c; path = file.c; sourceTree = "<group>"; };
		425E1C1D2E88145600864160 /* GBK.c */ = {isa = PBXFileReference; lastKnownFileType = sourcecode.c.c; path = GBK.c; sourceTree = "<group>"; };
		425E1C1E2E88145600864160 /* hmap.c */ = {isa = PBXFileReference; lastKnownFileType = sourcecode.c.c; path = hmap.c; sourceTree = "<group>"; };
		425E1C1F2E88145600864160 /* list.c */ = {isa = PBXFileReference; lastKnownFileType = sourcecode.c.c; path = list.c; sourceTree = "<group>"; };
		425E1C202E88145600864160 /* logger.c */ = {isa = PBXFileReference; lastKnownFileType = sourcecode.c.c; path = logger.c; sourceTree = "<group>"; };
		425E1C212E88145600864160 /* main.c */ = {isa = PBXFileReference; lastKnownFileType = sourcecode.c.c; path = main.c; sourceTree = "<group>"; };
		425E1C222E88145600864160 /* queue.c */ = {isa = PBXFileReference; lastKnownFileType = sourcecode.c.c; path = queue.c; sourceTree = "<group>"; };
		425E1C232E88145600864160 /* rand.c */ = {isa = PBXFileReference; lastKnownFileType = sourcecode.c.c; path = rand.c; sourceTree = "<group>"; };
		425E1C242E88145600864160 /* rbtree.c */ = {isa = PBXFileReference; lastKnownFileType = sourcecode.c.c; path = rbtree.c; sourceTree = "<group>"; };
		425E1C252E88145600864160 /* ring.c */ = {isa = PBXFileReference; lastKnownFileType = sourcecode.c.c; path = ring.c; sourceTree = "<group>"; };
		425E1C262E88145600864160 /* sds.c */ = {isa = PBXFileReference; lastKnownFileType = sourcecode.c.c; path = sds.c; sourceTree = "<group>"; };
		425E1C272E88145600864160 /* string.c */ = {isa = PBXFileReference; lastKnownFileType = sourcecode.c.c; path = string.c; sourceTree = "<group>"; };
		425E1C282E88145600864160 /* syslog.c */ = {isa = PBXFileReference; lastKnownFileType = sourcecode.c.c; path = syslog.c; sourceTree = "<group>"; };
		425E1C292E88145600864160 /* url.c */ = {isa = PBXFileReference; lastKnownFileType = sourcecode.c.c; path = url.c; sourceTree = "<group>"; };
		425E1C2A2E88145600864160 /* UTF.c */ = {isa = PBXFileReference; lastKnownFileType = sourcecode.c.c; path = UTF.c; sourceTree = "<group>"; };
		425E1C2B2E88145600864160 /* uuid.c */ = {isa = PBXFileReference; lastKnownFileType = sourcecode.c.c; path = uuid.c; sourceTree = "<group>"; };
		425E1CCF2E88151B00864160 /* aes.h */ = {isa = PBXFileReference; lastKnownFileType = sourcecode.c.h; path = aes.h; sourceTree = "<group>"; };
		425E1CD02E88151B00864160 /* base16.h */ = {isa = PBXFileReference; lastKnownFileType = sourcecode.c.h; path = base16.h; sourceTree = "<group>"; };
		425E1CD12E88151B00864160 /* base58.h */ = {isa = PBXFileReference; lastKnownFileType = sourcecode.c.h; path = base58.h; sourceTree = "<group>"; };
		425E1CD22E88151B00864160 /* base64.h */ = {isa = PBXFileReference; lastKnownFileType = sourcecode.c.h; path = base64.h; sourceTree = "<group>"; };
		425E1CD32E88151B00864160 /* crypto.h */ = {isa = PBXFileReference; lastKnownFileType = sourcecode.c.h; path = crypto.h; sourceTree = "<group>"; };
		425E1CD42E88151B00864160 /* des.h */ = {isa = PBXFileReference; lastKnownFileType = sourcecode.c.h; path = des.h; sourceTree = "<group>"; };
		425E1CD52E88151B00864160 /* hmac.h */ = {isa = PBXFileReference; lastKnownFileType = sourcecode.c.h; path = hmac.h; sourceTree = "<group>"; };
		425E1CD62E88151B00864160 /* md2.h */ = {isa = PBXFileReference; lastKnownFileType = sourcecode.c.h; path = md2.h; sourceTree = "<group>"; };
		425E1CD72E88151B00864160 /* md4.h */ = {isa = PBXFileReference; lastKnownFileType = sourcecode.c.h; path = md4.h; sourceTree = "<group>"; };
		425E1CD82E88151B00864160 /* md5.h */ = {isa = PBXFileReference; lastKnownFileType = sourcecode.c.h; path = md5.h; sourceTree = "<group>"; };
		425E1CD92E88151B00864160 /* sha.h */ = {isa = PBXFileReference; lastKnownFileType = sourcecode.c.h; path = sha.h; sourceTree = "<group>"; };
		425E1CDA2E88151B00864160 /* xxtea.h */ = {isa = PBXFileReference; lastKnownFileType = sourcecode.c.h; path = xxtea.h; sourceTree = "<group>"; };
		425E1CDE2E88151B00864160 /* sys_socket.h */ = {isa = PBXFileReference; lastKnownFileType = sourcecode.c.h; path = sys_socket.h; sourceTree = "<group>"; };
		425E1CE32E88151B00864160 /* compiler.h */ = {isa = PBXFileReference; lastKnownFileType = sourcecode.c.h; path = compiler.h; sourceTree = "<group>"; };
		425E1CE52E88151B00864160 /* platform.h */ = {isa = PBXFileReference; lastKnownFileType = sourcecode.c.h; path = platform.h; sourceTree = "<group>"; };
		425E1CE62E88151B00864160 /* socket.h */ = {isa = PBXFileReference; lastKnownFileType = sourcecode.c.h; path = socket.h; sourceTree = "<group>"; };
		425E1CE72E88151B00864160 /* unix.h */ = {isa = PBXFileReference; lastKnownFileType = sourcecode.c.h; path = unix.h; sourceTree = "<group>"; };
		425E1CEC2E88151B00864160 /* sys_thread.h */ = {isa = PBXFileReference; lastKnownFileType = sourcecode.c.h; path = sys_thread.h; sourceTree = "<group>"; };
		425E1CF02E88151B00864160 /* sys_thread.h */ = {isa = PBXFileReference; lastKnownFileType = sourcecode.c.h; path = sys_thread.h; sourceTree = "<group>"; };
		425E1CF22E88151B00864160 /* alloc.h */ = {isa = PBXFileReference; lastKnownFileType = sourcecode.c.h; path = alloc.h; sourceTree = "<group>"; };
		425E1CF32E88151B00864160 /* array.h */ = {isa = PBXFileReference; lastKnownFileType = sourcecode.c.h; path = array.h; sourceTree = "<group>"; };
		425E1CF42E88151B00864160 /* atomic.h */ = {isa = PBXFileReference; lastKnownFileType = sourcecode.c.h; path = atomic.h; sourceTree = "<group>"; };
		425E1CF52E88151B00864160 /* buf.h */ = {isa = PBXFileReference; lastKnownFileType = sourcecode.c.h; path = buf.h; sourceTree = "<group>"; };
		425E1CF62E88151B00864160 /* cpu.h */ = {isa = PBXFileReference; lastKnownFileType = sourcecode.c.h; path = cpu.h; sourceTree = "<group>"; };
		425E1CF72E88151B00864160 /* crc.h */ = {isa = PBXFileReference; lastKnownFileType = sourcecode.c.h; path = crc.h; sourceTree = "<group>"; };
		425E1CF82E88151B00864160 /* dirent.h */ = {isa = PBXFileReference; lastKnownFileType = sourcecode.c.h; path = dirent.h; sourceTree = "<group>"; };
		425E1CF92E88151B00864160 /* dns.h */ = {isa = PBXFileReference; lastKnownFileType = sourcecode.c.h; path = dns.h; sourceTree = "<group>"; };
		425E1CFA2E88151B00864160 /* endian.h */ = {isa = PBXFileReference; lastKnownFileType = sourcecode.c.h; path = endian.h; sourceTree = "<group>"; };
		425E1CFB2E88151B00864160 /* event.h */ = {isa = PBXFileReference; lastKnownFileType = sourcecode.c.h; path = event.h; sourceTree = "<group>"; };
		425E1CFC2E88151B00864160 /* file.h */ = {isa = PBXFileReference; lastKnownFileType = sourcecode.c.h; path = file.h; sourceTree = "<group>"; };
		425E1CFE2E88151B00864160 /* gzip.h */ = {isa = PBXFileReference; lastKnownFileType = sourcecode.c.h; path = gzip.h; sourceTree = "<group>"; };
		425E1CFF2E88151B00864160 /* hmap.h */ = {isa = PBXFileReference; lastKnownFileType = sourcecode.c.h; path = hmap.h; sourceTree = "<group>"; };
		425E1D002E88151B00864160 /* http.h */ = {isa = PBXFileReference; lastKnownFileType = sourcecode.c.h; path = http.h; sourceTree = "<group>"; };
		425E1D012E88151B00864160 /* ini.h */ = {isa = PBXFileReference; lastKnownFileType = sourcecode.c.h; path = ini.h; sourceTree = "<group>"; };
		425E1D022E88151B00864160 /* ip_locator.h */ = {isa = PBXFileReference; lastKnownFileType = sourcecode.c.h; path = ip_locator.h; sourceTree = "<group>"; };
		425E1D032E88151B00864160 /* json.h */ = {isa = PBXFileReference; lastKnownFileType = sourcecode.c.h; path = json.h; sourceTree = "<group>"; };
		425E1D042E88151B00864160 /* list.h */ = {isa = PBXFileReference; lastKnownFileType = sourcecode.c.h; path = list.h; sourceTree = "<group>"; };
		425E1D052E88151B00864160 /* loadso.h */ = {isa = PBXFileReference; lastKnownFileType = sourcecode.c.h; path = loadso.h; sourceTree = "<group>"; };
		425E1D062E88151B00864160 /* logger.h */ = {isa = PBXFileReference; lastKnownFileType = sourcecode.c.h; path = logger.h; sourceTree = "<group>"; };
		425E1D072E88151B00864160 /* math.h */ = {isa = PBXFileReference; lastKnownFileType = sourcecode.c.h; path = math.h; sourceTree = "<group>"; };
		425E1D082E88151B00864160 /* mutex.h */ = {isa = PBXFileReference; lastKnownFileType = sourcecode.c.h; path = mutex.h; sourceTree = "<group>"; };
		425E1D092E88151B00864160 /* OpenSSL.h */ = {isa = PBXFileReference; lastKnownFileType = sourcecode.c.h; path = OpenSSL.h; sourceTree = "<group>"; };
		425E1D0A2E88151B00864160 /* platform.h */ = {isa = PBXFileReference; lastKnownFileType = sourcecode.c.h; path = platform.h; sourceTree = "<group>"; };
		425E1D0B2E88151B00864160 /* power.h */ = {isa = PBXFileReference; lastKnownFileType = sourcecode.c.h; path = power.h; sourceTree = "<group>"; };
		425E1D0C2E88151B00864160 /* queue.h */ = {isa = PBXFileReference; lastKnownFileType = sourcecode.c.h; path = queue.h; sourceTree = "<group>"; };
		425E1D0D2E88151B00864160 /* rand.h */ = {isa = PBXFileReference; lastKnownFileType = sourcecode.c.h; path = rand.h; sourceTree = "<group>"; };
		425E1D0E2E88151B00864160 /* rbtree.h */ = {isa = PBXFileReference; lastKnownFileType = sourcecode.c.h; path = rbtree.h; sourceTree = "<group>"; };
		425E1D0F2E88151B00864160 /* ring.h */ = {isa = PBXFileReference; lastKnownFileType = sourcecode.c.h; path = ring.h; sourceTree = "<group>"; };
		425E1D102E88151B00864160 /* sds.h */ = {isa = PBXFileReference; lastKnownFileType = sourcecode.c.h; path = sds.h; sourceTree = "<group>"; };
		425E1D112E88151B00864160 /* skiplist.h */ = {isa = PBXFileReference; lastKnownFileType = sourcecode.c.h; path = skiplist.h; sourceTree = "<group>"; };
		425E1D122E88151B00864160 /* smtp.h */ = {isa = PBXFileReference; lastKnownFileType = sourcecode.c.h; path = smtp.h; sourceTree = "<group>"; };
		425E1D132E88151B00864160 /* socket.h */ = {isa = PBXFileReference; lastKnownFileType = sourcecode.c.h; path = socket.h; sourceTree = "<group>"; };
		425E1D142E88151B00864160 /* socks5.h */ = {isa = PBXFileReference; lastKnownFileType = sourcecode.c.h; path = socks5.h; sourceTree = "<group>"; };
		425E1D152E88151B00864160 /* sql.h */ = {isa = PBXFileReference; lastKnownFileType = sourcecode.c.h; path = sql.h; sourceTree = "<group>"; };
		425E1D162E88151B00864160 /* string.h */ = {isa = PBXFileReference; lastKnownFileType = sourcecode.c.h; path = string.h; sourceTree = "<group>"; };
		425E1D172E88151B00864160 /* syslog.h */ = {isa = PBXFileReference; lastKnownFileType = sourcecode.c.h; path = syslog.h; sourceTree = "<group>"; };
		425E1D182E88151B00864160 /* tchar.h */ = {isa = PBXFileReference; lastKnownFileType = sourcecode.c.h; path = tchar.h; sourceTree = "<group>"; };
		425E1D192E88151B00864160 /* thread.h */ = {isa = PBXFileReference; lastKnownFileType = sourcecode.c.h; path = thread.h; sourceTree = "<group>"; };
		425E1D1A2E88151B00864160 /* time.h */ = {isa = PBXFileReference; lastKnownFileType = sourcecode.c.h; path = time.h; sourceTree = "<group>"; };
		425E1D1B2E88151B00864160 /* timeout.h */ = {isa = PBXFileReference; lastKnownFileType = sourcecode.c.h; path = timeout.h; sourceTree = "<group>"; };
		425E1D1C2E88151B00864160 /* types.h */ = {isa = PBXFileReference; lastKnownFileType = sourcecode.c.h; path = types.h; sourceTree = "<group>"; };
		425E1D1D2E88151B00864160 /* url.h */ = {isa = PBXFileReference; lastKnownFileType = sourcecode.c.h; path = url.h; sourceTree = "<group>"; };
		425E1D1E2E88151B00864160 /* url_request.h */ = {isa = PBXFileReference; lastKnownFileType = sourcecode.c.h; path = url_request.h; sourceTree = "<group>"; };
		425E1D1F2E88151B00864160 /* UTF.h */ = {isa = PBXFileReference; lastKnownFileType = sourcecode.c.h; path = UTF.h; sourceTree = "<group>"; };
		425E1D202E88151B00864160 /* uuid.h */ = {isa = PBXFileReference; lastKnownFileType = sourcecode.c.h; path = uuid.h; sourceTree = "<group>"; };
		425E1D212E88151B00864160 /* version.h */ = {isa = PBXFileReference; lastKnownFileType = sourcecode.c.h; path = version.h; sourceTree = "<group>"; };
		425E1D222E88151B00864160 /* WS.h */ = {isa = PBXFileReference; lastKnownFileType = sourcecode.c.h; path = WS.h; sourceTree = "<group>"; };
		425E1D232E88151B00864160 /* xml.h */ = {isa = PBXFileReference; lastKnownFileType = sourcecode.c.h; path = xml.h; sourceTree = "<group>"; };
		425E1D782E88180600864160 /* cc.framework */ = {isa = PBXFileReference; explicitFileType = wrapper.framework; includeInIndex = 0; path = cc.framework; sourceTree = BUILT_PRODUCTS_DIR; };
		425E1DEA2E881A4200864160 /* libodbc.2.dylib */ = {isa = PBXFileReference; lastKnownFileType = "compiled.mach-o.dylib"; name = libodbc.2.dylib; path = ../../homebrew/Cellar/unixodbc/2.3.12/lib/libodbc.2.dylib; sourceTree = "<group>"; };
		425E1DEE2E881A8900864160 /* libz.1.2.8.tbd */ = {isa = PBXFileReference; lastKnownFileType = "sourcecode.text-based-dylib-definition"; name = libz.1.2.8.tbd; path = usr/lib/libz.1.2.8.tbd; sourceTree = SDKROOT; };
		425E1EAD2E88208400864160 /* libmysqlclient.a */ = {isa = PBXFileReference; lastKnownFileType = archive.ar; name = libmysqlclient.a; path = "../../homebrew/Cellar/mysql-client/9.4.0/lib/libmysqlclient.a"; sourceTree = "<group>"; };
		426BE25E2E5DD17800CE8D50 /* libsqlite3.0.tbd */ = {isa = PBXFileReference; lastKnownFileType = "sourcecode.text-based-dylib-definition"; name = libsqlite3.0.tbd; path = usr/lib/libsqlite3.0.tbd; sourceTree = SDKROOT; };
		426BE2602E5DD18400CE8D50 /* libiodbc.2.1.18.tbd */ = {isa = PBXFileReference; lastKnownFileType = "sourcecode.text-based-dylib-definition"; name = libiodbc.2.1.18.tbd; path = usr/lib/libiodbc.2.1.18.tbd; sourceTree = SDKROOT; };
		426BE2622E5DD18A00CE8D50 /* libiodbcinst.2.1.18.tbd */ = {isa = PBXFileReference; lastKnownFileType = "sourcecode.text-based-dylib-definition"; name = libiodbcinst.2.1.18.tbd; path = usr/lib/libiodbcinst.2.1.18.tbd; sourceTree = SDKROOT; };
		42AC37252E7D768C00B44396 /* libcrypto.3.dylib */ = {isa = PBXFileReference; lastKnownFileType = "compiled.mach-o.dylib"; name = libcrypto.3.dylib; path = "../../homebrew/Cellar/openssl@3/3.5.2/lib/libcrypto.3.dylib"; sourceTree = "<group>"; };
		42AC37272E7D76A200B44396 /* libssl.3.dylib */ = {isa = PBXFileReference; lastKnownFileType = "compiled.mach-o.dylib"; name = libssl.3.dylib; path = "../../homebrew/Cellar/openssl@3/3.5.2/lib/libssl.3.dylib"; sourceTree = "<group>"; };
/* End PBXFileReference section */

/* Begin PBXFrameworksBuildPhase section */
		425E1D752E88180600864160 /* Frameworks */ = {
			isa = PBXFrameworksBuildPhase;
			buildActionMask = 2147483647;
			files = (
				425E1EAE2E88208400864160 /* libmysqlclient.a in Frameworks */,
				425E1DEF2E881A8900864160 /* libz.1.2.8.tbd in Frameworks */,
				425E1DED2E881A6E00864160 /* libsqlite3.0.tbd in Frameworks */,
				425E1DEB2E881A4200864160 /* libodbc.2.dylib in Frameworks */,
				425E1DE82E881A4200864160 /* libcrypto.3.dylib in Frameworks */,
				425E1DE92E881A4200864160 /* libssl.3.dylib in Frameworks */,
			);
			runOnlyForDeploymentPostprocessing = 0;
		};
/* End PBXFrameworksBuildPhase section */

/* Begin PBXGroup section */
		414B4B4D2990BEB600F4A7CB = {
			isa = PBXGroup;
			children = (
				425E1D242E88151B00864160 /* libcc */,
				425E1C2C2E88145600864160 /* src */,
				414B4B572990BEB600F4A7CB /* Products */,
				41E3A69729FE430400BEFBD6 /* Frameworks */,
			);
			sourceTree = "<group>";
		};
		414B4B572990BEB600F4A7CB /* Products */ = {
			isa = PBXGroup;
			children = (
				425E1D782E88180600864160 /* cc.framework */,
			);
			name = Products;
			sourceTree = "<group>";
		};
		41E3A69729FE430400BEFBD6 /* Frameworks */ = {
			isa = PBXGroup;
			children = (
				425E1EAD2E88208400864160 /* libmysqlclient.a */,
				425E1DEE2E881A8900864160 /* libz.1.2.8.tbd */,
				425E1DEA2E881A4200864160 /* libodbc.2.dylib */,
				42AC37272E7D76A200B44396 /* libssl.3.dylib */,
				42AC37252E7D768C00B44396 /* libcrypto.3.dylib */,
				426BE2622E5DD18A00CE8D50 /* libiodbcinst.2.1.18.tbd */,
				426BE2602E5DD18400CE8D50 /* libiodbc.2.1.18.tbd */,
				426BE25E2E5DD17800CE8D50 /* libsqlite3.0.tbd */,
				41E3A70A29FE47D900BEFBD6 /* libz.tbd */,
			);
			name = Frameworks;
			sourceTree = "<group>";
		};
		425E1B6F2E88145600864160 /* atomic */ = {
			isa = PBXGroup;
			children = (
				425E1B6D2E88145600864160 /* atomic.c */,
				425E1B6E2E88145600864160 /* rwlock.c */,
			);
			path = atomic;
			sourceTree = "<group>";
		};
		425E1B7D2E88145600864160 /* crypto */ = {
			isa = PBXGroup;
			children = (
				425E1B702E88145600864160 /* aes.c */,
				425E1B712E88145600864160 /* base16.c */,
				425E1B722E88145600864160 /* base58.c */,
				425E1B732E88145600864160 /* base64.c */,
				425E1B742E88145600864160 /* des.c */,
				425E1B752E88145600864160 /* hmac.c */,
				425E1B762E88145600864160 /* md2.c */,
				425E1B772E88145600864160 /* md4.c */,
				425E1B782E88145600864160 /* md5.c */,
				425E1B792E88145600864160 /* sha1.c */,
				425E1B7A2E88145600864160 /* sha256.c */,
				425E1B7B2E88145600864160 /* sha512.c */,
				425E1B7C2E88145600864160 /* xxtea.c */,
			);
			path = crypto;
			sourceTree = "<group>";
		};
		425E1B822E88145600864160 /* db */ = {
			isa = PBXGroup;
			children = (
				425E1B7E2E88145600864160 /* mysql.c */,
				425E1B7F2E88145600864160 /* oci8.c */,
				425E1B802E88145600864160 /* sqlite.c */,
				425E1B812E88145600864160 /* sqlsvr.c */,
			);
			path = db;
			sourceTree = "<group>";
		};
		425E1B8F2E88145600864160 /* event */ = {
			isa = PBXGroup;
			children = (
				425E1B872E88145600864160 /* buffer.c */,
				425E1B882E88145600864160 /* event.c */,
				425E1B892E88145600864160 /* event.c.h */,
				425E1B8A2E88145600864160 /* loop.c */,
				425E1B8B2E88145600864160 /* OpenSSL.c */,
				425E1B8C2E88145600864160 /* select.c */,
				425E1B8D2E88145600864160 /* tcp.c */,
				425E1B8E2E88145600864160 /* timeout.c */,
			);
			path = event;
			sourceTree = "<group>";
		};
		425E1BA72E88145600864160 /* generic */ = {
			isa = PBXGroup;
			children = (
				425E1B9D2E88145600864160 /* generic.c */,
				425E1B9E2E88145600864160 /* generic.c.h */,
				425E1B9F2E88145600864160 /* gzip.c */,
				425E1BA02E88145600864160 /* inet.c */,
				425E1BA12E88145600864160 /* power.c */,
				425E1BA22E88145600864160 /* socket.c */,
				425E1BA32E88145600864160 /* strptime.c */,
				425E1BA42E88145600864160 /* tick.c */,
				425E1BA52E88145600864160 /* time.c */,
				425E1BA62E88145600864160 /* WS.c */,
			);
			path = generic;
			sourceTree = "<group>";
		};
		425E1BAB2E88145600864160 /* http */ = {
			isa = PBXGroup;
			children = (
				425E1BA82E88145600864160 /* header.c */,
				425E1BA92E88145600864160 /* request.parser.c */,
				425E1BAA2E88145600864160 /* response.parser.c */,
			);
			path = http;
			sourceTree = "<group>";
		};
		425E1BAF2E88145600864160 /* ini */ = {
			isa = PBXGroup;
			children = (
				425E1BAC2E88145600864160 /* ini.c */,
				425E1BAD2E88145600864160 /* ini.c.h */,
				425E1BAE2E88145600864160 /* ini.parser.c */,
			);
			path = ini;
			sourceTree = "<group>";
		};
		425E1BB92E88145600864160 /* json */ = {
			isa = PBXGroup;
			children = (
				425E1BB42E88145600864160 /* json.c */,
				425E1BB52E88145600864160 /* json.array.c */,
				425E1BB62E88145600864160 /* json.c.h */,
				425E1BB72E88145600864160 /* json.object.c */,
				425E1BB82E88145600864160 /* json.parser.c */,
			);
			path = json;
			sourceTree = "<group>";
		};
		425E1BBE2E88145600864160 /* malloc */ = {
			isa = PBXGroup;
			children = (
				425E1BBA2E88145600864160 /* alloc.c */,
				425E1BBB2E88145600864160 /* debug.malloc.c */,
				425E1BBC2E88145600864160 /* debug.tracked.c */,
				425E1BBD2E88145600864160 /* debug.tracked.c.h */,
			);
			path = malloc;
			sourceTree = "<group>";
		};
		425E1BD92E88145600864160 /* OSX */ = {
			isa = PBXGroup;
			children = (
				425E1BD32E88145600864160 /* sys_clipboard.m */,
				425E1BD42E88145600864160 /* sys_dirent.m */,
				425E1BD52E88145600864160 /* sys_file.m */,
				425E1BD62E88145600864160 /* sys_locale.m */,
				425E1BD72E88145600864160 /* sys_osx.m */,
				425E1BD82E88145600864160 /* sys_power.c */,
			);
			path = OSX;
			sourceTree = "<group>";
		};
		425E1BE32E88145600864160 /* unix */ = {
			isa = PBXGroup;
			children = (
				425E1BDC2E88145600864160 /* sys_kqueue.c */,
				425E1BDD2E88145600864160 /* sys_loadso.c */,
				425E1BDF2E88145600864160 /* sys_poll.c */,
				425E1BE02E88145600864160 /* sys_socket.c */,
				425E1BE12E88145600864160 /* sys_time.c */,
				425E1BE22E88145600864160 /* sys_unix.c */,
			);
			path = unix;
			sourceTree = "<group>";
		};
		425E1BF52E88145600864160 /* platform */ = {
			isa = PBXGroup;
			children = (
				425E1BD92E88145600864160 /* OSX */,
				425E1BE32E88145600864160 /* unix */,
				425E1BF42E88145600864160 /* platform.c */,
			);
			path = platform;
			sourceTree = "<group>";
		};
		425E1BFA2E88145600864160 /* smtp */ = {
			isa = PBXGroup;
			children = (
				425E1BF62E88145600864160 /* connected.c */,
				425E1BF72E88145600864160 /* from_rcpt.c */,
				425E1BF82E88145600864160 /* libsmtp.c */,
				425E1BF92E88145600864160 /* login.c */,
			);
			path = smtp;
			sourceTree = "<group>";
		};
		425E1BFE2E88145600864160 /* apple */ = {
			isa = PBXGroup;
			children = (
				425E1BFB2E88145600864160 /* sys_mutex.c */,
				425E1BFC2E88145600864160 /* sys_sem.c */,
				425E1BFD2E88145600864160 /* sys_thread.c.h */,
			);
			path = apple;
			sourceTree = "<group>";
		};
		425E1C042E88145600864160 /* pthread */ = {
			isa = PBXGroup;
			children = (
				425E1BFF2E88145600864160 /* sys_cond.c */,
				425E1C022E88145600864160 /* sys_thread.c */,
				425E1C032E88145600864160 /* sys_thread.c.h */,
			);
			path = pthread;
			sourceTree = "<group>";
		};
		425E1C0D2E88145600864160 /* thread */ = {
			isa = PBXGroup;
			children = (
				425E1BFE2E88145600864160 /* apple */,
				425E1C042E88145600864160 /* pthread */,
				425E1C0C2E88145600864160 /* thread.c */,
			);
			path = thread;
			sourceTree = "<group>";
		};
		425E1C102E88145600864160 /* http */ = {
			isa = PBXGroup;
			children = (
				425E1C0E2E88145600864160 /* url_request.c */,
				425E1C0F2E88145600864160 /* url_response.c */,
			);
			path = http;
			sourceTree = "<group>";
		};
		425E1C122E88145600864160 /* http2 */ = {
			isa = PBXGroup;
			children = (
				425E1C112E88145600864160 /* url_request.c */,
			);
			path = http2;
			sourceTree = "<group>";
		};
		425E1C132E88145600864160 /* url_request */ = {
			isa = PBXGroup;
			children = (
				425E1C102E88145600864160 /* http */,
				425E1C122E88145600864160 /* http2 */,
			);
			path = url_request;
			sourceTree = "<group>";
		};
		425E1C172E88145600864160 /* xml */ = {
			isa = PBXGroup;
			children = (
				425E1C142E88145600864160 /* xml.c */,
				425E1C152E88145600864160 /* xml.c.h */,
				425E1C162E88145600864160 /* xml.parser.c */,
			);
			path = xml;
			sourceTree = "<group>";
		};
		425E1C2C2E88145600864160 /* src */ = {
			isa = PBXGroup;
			children = (
				425E1B6F2E88145600864160 /* atomic */,
				425E1B7D2E88145600864160 /* crypto */,
				425E1B822E88145600864160 /* db */,
				425E1B8F2E88145600864160 /* event */,
				425E1BA72E88145600864160 /* generic */,
				425E1BAB2E88145600864160 /* http */,
				425E1BAF2E88145600864160 /* ini */,
				425E1BB92E88145600864160 /* json */,
				425E1BBE2E88145600864160 /* malloc */,
				425E1BF52E88145600864160 /* platform */,
				425E1BFA2E88145600864160 /* smtp */,
				425E1C0D2E88145600864160 /* thread */,
				425E1C132E88145600864160 /* url_request */,
				425E1C172E88145600864160 /* xml */,
				425E1C182E88145600864160 /* array.c */,
				425E1C192E88145600864160 /* buf.c */,
				425E1C1A2E88145600864160 /* cpu.c */,
				425E1C1B2E88145600864160 /* crc.c */,
				425E1C1C2E88145600864160 /* file.c */,
				425E1C1D2E88145600864160 /* GBK.c */,
				425E1C1E2E88145600864160 /* hmap.c */,
				425E1C1F2E88145600864160 /* list.c */,
				425E1C202E88145600864160 /* logger.c */,
				425E1C212E88145600864160 /* main.c */,
				425E1C222E88145600864160 /* queue.c */,
				425E1C232E88145600864160 /* rand.c */,
				425E1C242E88145600864160 /* rbtree.c */,
				425E1C252E88145600864160 /* ring.c */,
				425E1C262E88145600864160 /* sds.c */,
				425E1C272E88145600864160 /* string.c */,
				425E1C282E88145600864160 /* syslog.c */,
				425E1C292E88145600864160 /* url.c */,
				425E1C2A2E88145600864160 /* UTF.c */,
				425E1C2B2E88145600864160 /* uuid.c */,
			);
			name = src;
			path = ../src;
			sourceTree = SOURCE_ROOT;
		};
		425E1CDB2E88151B00864160 /* crypto */ = {
			isa = PBXGroup;
			children = (
				425E1CCF2E88151B00864160 /* aes.h */,
				425E1CD02E88151B00864160 /* base16.h */,
				425E1CD12E88151B00864160 /* base58.h */,
				425E1CD22E88151B00864160 /* base64.h */,
				425E1CD32E88151B00864160 /* crypto.h */,
				425E1CD42E88151B00864160 /* des.h */,
				425E1CD52E88151B00864160 /* hmac.h */,
				425E1CD62E88151B00864160 /* md2.h */,
				425E1CD72E88151B00864160 /* md4.h */,
				425E1CD82E88151B00864160 /* md5.h */,
				425E1CD92E88151B00864160 /* sha.h */,
				425E1CDA2E88151B00864160 /* xxtea.h */,
			);
			path = crypto;
			sourceTree = "<group>";
		};
		425E1CDF2E88151B00864160 /* unix */ = {
			isa = PBXGroup;
			children = (
				425E1CDE2E88151B00864160 /* sys_socket.h */,
			);
			path = unix;
			sourceTree = "<group>";
		};
		425E1CE92E88151B00864160 /* platform */ = {
			isa = PBXGroup;
			children = (
				425E1CDF2E88151B00864160 /* unix */,
				425E1CE32E88151B00864160 /* compiler.h */,
				425E1CE52E88151B00864160 /* platform.h */,
				425E1CE62E88151B00864160 /* socket.h */,
				425E1CE72E88151B00864160 /* unix.h */,
			);
			path = platform;
			sourceTree = "<group>";
		};
		425E1CED2E88151B00864160 /* pthread */ = {
			isa = PBXGroup;
			children = (
				425E1CEC2E88151B00864160 /* sys_thread.h */,
			);
			path = pthread;
			sourceTree = "<group>";
		};
		425E1CF12E88151B00864160 /* thread */ = {
			isa = PBXGroup;
			children = (
				425E1CED2E88151B00864160 /* pthread */,
				425E1CF02E88151B00864160 /* sys_thread.h */,
			);
			path = thread;
			sourceTree = "<group>";
		};
		425E1D242E88151B00864160 /* libcc */ = {
			isa = PBXGroup;
			children = (
				425E1CDB2E88151B00864160 /* crypto */,
				425E1CE92E88151B00864160 /* platform */,
				425E1CF12E88151B00864160 /* thread */,
				425E1CF22E88151B00864160 /* alloc.h */,
				425E1CF32E88151B00864160 /* array.h */,
				425E1CF42E88151B00864160 /* atomic.h */,
				425E1CF52E88151B00864160 /* buf.h */,
				425E1CF62E88151B00864160 /* cpu.h */,
				425E1CF72E88151B00864160 /* crc.h */,
				425E1CF82E88151B00864160 /* dirent.h */,
				425E1CF92E88151B00864160 /* dns.h */,
				425E1CFA2E88151B00864160 /* endian.h */,
				425E1CFB2E88151B00864160 /* event.h */,
				425E1CFC2E88151B00864160 /* file.h */,
				425E1CFE2E88151B00864160 /* gzip.h */,
				425E1CFF2E88151B00864160 /* hmap.h */,
				425E1D002E88151B00864160 /* http.h */,
				425E1D012E88151B00864160 /* ini.h */,
				425E1D022E88151B00864160 /* ip_locator.h */,
				425E1D032E88151B00864160 /* json.h */,
				425E1D042E88151B00864160 /* list.h */,
				425E1D052E88151B00864160 /* loadso.h */,
				425E1D062E88151B00864160 /* logger.h */,
				425E1D072E88151B00864160 /* math.h */,
				425E1D082E88151B00864160 /* mutex.h */,
				425E1D092E88151B00864160 /* OpenSSL.h */,
				425E1D0A2E88151B00864160 /* platform.h */,
				425E1D0B2E88151B00864160 /* power.h */,
				425E1D0C2E88151B00864160 /* queue.h */,
				425E1D0D2E88151B00864160 /* rand.h */,
				425E1D0E2E88151B00864160 /* rbtree.h */,
				425E1D0F2E88151B00864160 /* ring.h */,
				425E1D102E88151B00864160 /* sds.h */,
				425E1D112E88151B00864160 /* skiplist.h */,
				425E1D122E88151B00864160 /* smtp.h */,
				425E1D132E88151B00864160 /* socket.h */,
				425E1D142E88151B00864160 /* socks5.h */,
				425E1D152E88151B00864160 /* sql.h */,
				425E1D162E88151B00864160 /* string.h */,
				425E1D172E88151B00864160 /* syslog.h */,
				425E1D182E88151B00864160 /* tchar.h */,
				425E1D192E88151B00864160 /* thread.h */,
				425E1D1A2E88151B00864160 /* time.h */,
				425E1D1B2E88151B00864160 /* timeout.h */,
				425E1D1C2E88151B00864160 /* types.h */,
				425E1D1D2E88151B00864160 /* url.h */,
				425E1D1E2E88151B00864160 /* url_request.h */,
				425E1D1F2E88151B00864160 /* UTF.h */,
				425E1D202E88151B00864160 /* uuid.h */,
				425E1D212E88151B00864160 /* version.h */,
				425E1D222E88151B00864160 /* WS.h */,
				425E1D232E88151B00864160 /* xml.h */,
			);
			name = libcc;
			path = ../include/libcc;
			sourceTree = SOURCE_ROOT;
		};
/* End PBXGroup section */

/* Begin PBXHeadersBuildPhase section */
		425E1D732E88180600864160 /* Headers */ = {
			isa = PBXHeadersBuildPhase;
			buildActionMask = 2147483647;
			files = (
			);
			runOnlyForDeploymentPostprocessing = 0;
		};
/* End PBXHeadersBuildPhase section */

/* Begin PBXNativeTarget section */
		425E1D772E88180600864160 /* cc */ = {
			isa = PBXNativeTarget;
			buildConfigurationList = 425E1D7D2E88180600864160 /* Build configuration list for PBXNativeTarget "cc" */;
			buildPhases = (
				425E1D732E88180600864160 /* Headers */,
				425E1D742E88180600864160 /* Sources */,
				425E1D752E88180600864160 /* Frameworks */,
				425E1D762E88180600864160 /* Resources */,
				425E1DFB2E881C9C00864160 /* CopyFiles */,
			);
			buildRules = (
			);
			dependencies = (
			);
			name = cc;
			packageProductDependencies = (
			);
			productName = cc;
			productReference = 425E1D782E88180600864160 /* cc.framework */;
			productType = "com.apple.product-type.framework";
		};
/* End PBXNativeTarget section */

/* Begin PBXProject section */
		414B4B4E2990BEB600F4A7CB /* Project object */ = {
			isa = PBXProject;
			attributes = {
				BuildIndependentTargetsInParallel = YES;
				LastUpgradeCheck = 1630;
				TargetAttributes = {
					425E1D772E88180600864160 = {
						CreatedOnToolsVersion = 16.3;
					};
				};
			};
			buildConfigurationList = 414B4B512990BEB600F4A7CB /* Build configuration list for PBXProject "cc" */;
			compatibilityVersion = "Xcode 9.3";
			developmentRegion = en;
			hasScannedForEncodings = 0;
			knownRegions = (
				en,
				Base,
			);
			mainGroup = 414B4B4D2990BEB600F4A7CB;
			productRefGroup = 414B4B572990BEB600F4A7CB /* Products */;
			projectDirPath = "";
			projectRoot = "";
			targets = (
				425E1D772E88180600864160 /* cc */,
			);
		};
/* End PBXProject section */

/* Begin PBXResourcesBuildPhase section */
		425E1D762E88180600864160 /* Resources */ = {
			isa = PBXResourcesBuildPhase;
			buildActionMask = 2147483647;
			files = (
			);
			runOnlyForDeploymentPostprocessing = 0;
		};
/* End PBXResourcesBuildPhase section */

/* Begin PBXSourcesBuildPhase section */
		425E1D742E88180600864160 /* Sources */ = {
			isa = PBXSourcesBuildPhase;
			buildActionMask = 2147483647;
			files = (
				425E1D802E8818AA00864160 /* atomic.c in Sources */,
				425E1D812E8818AA00864160 /* rwlock.c in Sources */,
				425E1D822E8818AA00864160 /* aes.c in Sources */,
				425E1D832E8818AA00864160 /* base16.c in Sources */,
				425E1D842E8818AA00864160 /* base58.c in Sources */,
				425E1D852E8818AA00864160 /* base64.c in Sources */,
				425E1D862E8818AA00864160 /* des.c in Sources */,
				425E1D872E8818AA00864160 /* hmac.c in Sources */,
				425E1D882E8818AA00864160 /* md2.c in Sources */,
				425E1D892E8818AA00864160 /* md4.c in Sources */,
				425E1D8A2E8818AA00864160 /* md5.c in Sources */,
				425E1D8B2E8818AA00864160 /* sha1.c in Sources */,
				425E1D8C2E8818AA00864160 /* sha256.c in Sources */,
				425E1D8D2E8818AA00864160 /* sha512.c in Sources */,
				425E1D8E2E8818AA00864160 /* xxtea.c in Sources */,
				425E1D8F2E8818AA00864160 /* mysql.c in Sources */,
				425E1D902E8818AA00864160 /* oci8.c in Sources */,
				425E1D912E8818AA00864160 /* sqlite.c in Sources */,
				425E1D922E8818AA00864160 /* sqlsvr.c in Sources */,
				425E1D952E8818AA00864160 /* buffer.c in Sources */,
				425E1D962E8818AA00864160 /* event.c in Sources */,
				425E1D972E8818AA00864160 /* event.c.h in Sources */,
				425E1D982E8818AA00864160 /* loop.c in Sources */,
				425E1D992E8818AA00864160 /* OpenSSL.c in Sources */,
				425E1D9A2E8818AA00864160 /* select.c in Sources */,
				425E1D9B2E8818AA00864160 /* tcp.c in Sources */,
				425E1D9C2E8818AA00864160 /* timeout.c in Sources */,
				425E1D9D2E8818AA00864160 /* generic.c in Sources */,
				425E1D9E2E8818AA00864160 /* generic.c.h in Sources */,
				425E1D9F2E8818AA00864160 /* gzip.c in Sources */,
				425E1DA02E8818AA00864160 /* inet.c in Sources */,
				425E1DA12E8818AA00864160 /* power.c in Sources */,
				425E1DA22E8818AA00864160 /* socket.c in Sources */,
				425E1DA32E8818AA00864160 /* strptime.c in Sources */,
				425E1DA42E8818AA00864160 /* tick.c in Sources */,
				425E1DA52E8818AA00864160 /* time.c in Sources */,
				425E1DA62E8818AA00864160 /* WS.c in Sources */,
				425E1DA72E8818AA00864160 /* header.c in Sources */,
				425E1DA82E8818AA00864160 /* request.parser.c in Sources */,
				425E1DA92E8818AA00864160 /* response.parser.c in Sources */,
				425E1DAA2E8818AA00864160 /* ini.c in Sources */,
				425E1DAB2E8818AA00864160 /* ini.c.h in Sources */,
				425E1DAC2E8818AA00864160 /* ini.parser.c in Sources */,
				425E1DAD2E8818AA00864160 /* json.c in Sources */,
				425E1DAE2E8818AA00864160 /* json.array.c in Sources */,
				425E1DAF2E8818AA00864160 /* json.c.h in Sources */,
				425E1DB02E8818AA00864160 /* json.object.c in Sources */,
				425E1DB12E8818AA00864160 /* json.parser.c in Sources */,
				425E1DB22E8818AA00864160 /* alloc.c in Sources */,
				425E1DB32E8818AA00864160 /* debug.malloc.c in Sources */,
				425E1DB42E8818AA00864160 /* debug.tracked.c in Sources */,
				425E1DB52E8818AA00864160 /* debug.tracked.c.h in Sources */,
				425E1DB62E8818AA00864160 /* sys_clipboard.m in Sources */,
				425E1DB72E8818AA00864160 /* sys_dirent.m in Sources */,
				425E1DB82E8818AA00864160 /* sys_file.m in Sources */,
				425E1DB92E8818AA00864160 /* sys_locale.m in Sources */,
				425E1DBA2E8818AA00864160 /* sys_osx.m in Sources */,
				425E1DBB2E8818AA00864160 /* sys_power.c in Sources */,
				425E1DBC2E8818AA00864160 /* sys_kqueue.c in Sources */,
				425E1DBD2E8818AA00864160 /* sys_loadso.c in Sources */,
				425E1DBE2E8818AA00864160 /* sys_poll.c in Sources */,
				425E1DBF2E8818AA00864160 /* sys_socket.c in Sources */,
				425E1DC02E8818AA00864160 /* sys_time.c in Sources */,
				425E1DC12E8818AA00864160 /* sys_unix.c in Sources */,
				425E1DC22E8818AA00864160 /* platform.c in Sources */,
				425E1DC32E8818AA00864160 /* connected.c in Sources */,
				425E1DC42E8818AA00864160 /* from_rcpt.c in Sources */,
				425E1DC52E8818AA00864160 /* libsmtp.c in Sources */,
				425E1DC62E8818AA00864160 /* login.c in Sources */,
				425E1DC72E8818AA00864160 /* sys_mutex.c in Sources */,
				425E1DC82E8818AA00864160 /* sys_sem.c in Sources */,
				425E1DC92E8818AA00864160 /* sys_thread.c.h in Sources */,
				425E1DCA2E8818AA00864160 /* sys_cond.c in Sources */,
				425E1DCB2E8818AA00864160 /* sys_thread.c in Sources */,
				425E1DCC2E8818AA00864160 /* sys_thread.c.h in Sources */,
				425E1DCD2E8818AA00864160 /* thread.c in Sources */,
				425E1DCE2E8818AA00864160 /* url_request.c in Sources */,
				425E1DCF2E8818AA00864160 /* url_response.c in Sources */,
				425E1DD02E8818AA00864160 /* url_request.c in Sources */,
				425E1DD12E8818AA00864160 /* xml.c in Sources */,
				425E1DD22E8818AA00864160 /* xml.c.h in Sources */,
				425E1DD32E8818AA00864160 /* xml.parser.c in Sources */,
				425E1DD42E8818AA00864160 /* array.c in Sources */,
				425E1DD52E8818AA00864160 /* buf.c in Sources */,
				425E1DD62E8818AA00864160 /* cpu.c in Sources */,
				425E1DD72E8818AA00864160 /* crc.c in Sources */,
				425E1DD82E8818AA00864160 /* file.c in Sources */,
				425E1DD92E8818AA00864160 /* GBK.c in Sources */,
				425E1DDA2E8818AA00864160 /* hmap.c in Sources */,
				425E1DDB2E8818AA00864160 /* list.c in Sources */,
				425E1DDC2E8818AA00864160 /* logger.c in Sources */,
				425E1DDD2E8818AA00864160 /* main.c in Sources */,
				425E1DDE2E8818AA00864160 /* queue.c in Sources */,
				425E1DDF2E8818AA00864160 /* rand.c in Sources */,
				425E1DE02E8818AA00864160 /* rbtree.c in Sources */,
				425E1DE12E8818AA00864160 /* ring.c in Sources */,
				425E1DE22E8818AA00864160 /* sds.c in Sources */,
				425E1DE32E8818AA00864160 /* string.c in Sources */,
				425E1DE42E8818AA00864160 /* syslog.c in Sources */,
				425E1DE52E8818AA00864160 /* url.c in Sources */,
				425E1DE62E8818AA00864160 /* UTF.c in Sources */,
				425E1DE72E8818AA00864160 /* uuid.c in Sources */,
			);
			runOnlyForDeploymentPostprocessing = 0;
		};
/* End PBXSourcesBuildPhase section */

/* Begin XCBuildConfiguration section */
		414B4B582990BEB600F4A7CB /* Debug */ = {
			isa = XCBuildConfiguration;
			buildSettings = {
				ALWAYS_SEARCH_USER_PATHS = NO;
				CLANG_ANALYZER_NONnullptr = YES;
				CLANG_ANALYZER_NUMBER_OBJECT_CONVERSION = YES_AGGRESSIVE;
				CLANG_CXX_LANGUAGE_STANDARD = "gnu++98";
				CLANG_CXX_LIBRARY = "libc++";
				CLANG_ENABLE_MODULES = YES;
				CLANG_ENABLE_OBJC_ARC = YES;
				CLANG_ENABLE_OBJC_WEAK = YES;
				CLANG_WARN_BLOCK_CAPTURE_AUTORELEASING = YES;
				CLANG_WARN_BOOL_CONVERSION = YES;
				CLANG_WARN_COMMA = YES;
				CLANG_WARN_CONSTANT_CONVERSION = YES;
				CLANG_WARN_DEPRECATED_OBJC_IMPLEMENTATIONS = YES;
				CLANG_WARN_DIRECT_OBJC_ISA_USAGE = YES_ERROR;
				CLANG_WARN_DOCUMENTATION_COMMENTS = YES;
				CLANG_WARN_EMPTY_BODY = YES;
				CLANG_WARN_ENUM_CONVERSION = YES;
				CLANG_WARN_INFINITE_RECURSION = YES;
				CLANG_WARN_INT_CONVERSION = YES;
				CLANG_WARN_NON_LITERAL_NULL_CONVERSION = YES;
				CLANG_WARN_OBJC_IMPLICIT_RETAIN_SELF = YES;
				CLANG_WARN_OBJC_LITERAL_CONVERSION = YES;
				CLANG_WARN_OBJC_ROOT_CLASS = YES_ERROR;
				CLANG_WARN_QUOTED_INCLUDE_IN_FRAMEWORK_HEADER = YES;
				CLANG_WARN_RANGE_LOOP_ANALYSIS = YES;
				CLANG_WARN_STRICT_PROTOTYPES = YES;
				CLANG_WARN_SUSPICIOUS_MOVE = YES;
				CLANG_WARN_UNGUARDED_AVAILABILITY = YES_AGGRESSIVE;
				CLANG_WARN_UNREACHABLE_CODE = YES;
				CLANG_WARN__DUPLICATE_METHOD_MATCH = YES;
				COPY_PHASE_STRIP = NO;
				DEAD_CODE_STRIPPING = YES;
				DEBUG_INFORMATION_FORMAT = dwarf;
				ENABLE_STRICT_OBJC_MSGSEND = YES;
				ENABLE_TESTABILITY = YES;
				ENABLE_USER_SCRIPT_SANDBOXING = YES;
				GCC_C_LANGUAGE_STANDARD = c99;
				GCC_DYNAMIC_NO_PIC = NO;
				GCC_NO_COMMON_BLOCKS = YES;
				GCC_OPTIMIZATION_LEVEL = 0;
				GCC_PREPROCESSOR_DEFINITIONS = (
					DEBUG,
					"$(inherited)",
				);
				GCC_WARN_64_TO_32_BIT_CONVERSION = YES;
				GCC_WARN_ABOUT_RETURN_TYPE = YES_ERROR;
				GCC_WARN_UNDECLARED_SELECTOR = YES;
				GCC_WARN_UNINITIALIZED_AUTOS = YES_AGGRESSIVE;
				GCC_WARN_UNUSED_FUNCTION = YES;
				GCC_WARN_UNUSED_VARIABLE = YES;
				MACOSX_DEPLOYMENT_TARGET = 10.15;
				MTL_ENABLE_DEBUG_INFO = INCLUDE_SOURCE;
				MTL_FAST_MATH = YES;
				ONLY_ACTIVE_ARCH = YES;
				SDKROOT = macosx;
			};
			name = Debug;
		};
		414B4B592990BEB600F4A7CB /* Release */ = {
			isa = XCBuildConfiguration;
			buildSettings = {
				ALWAYS_SEARCH_USER_PATHS = NO;
				CLANG_ANALYZER_NONnullptr = YES;
				CLANG_ANALYZER_NUMBER_OBJECT_CONVERSION = YES_AGGRESSIVE;
				CLANG_CXX_LANGUAGE_STANDARD = "gnu++98";
				CLANG_CXX_LIBRARY = "libc++";
				CLANG_ENABLE_MODULES = YES;
				CLANG_ENABLE_OBJC_ARC = YES;
				CLANG_ENABLE_OBJC_WEAK = YES;
				CLANG_WARN_BLOCK_CAPTURE_AUTORELEASING = YES;
				CLANG_WARN_BOOL_CONVERSION = YES;
				CLANG_WARN_COMMA = YES;
				CLANG_WARN_CONSTANT_CONVERSION = YES;
				CLANG_WARN_DEPRECATED_OBJC_IMPLEMENTATIONS = YES;
				CLANG_WARN_DIRECT_OBJC_ISA_USAGE = YES_ERROR;
				CLANG_WARN_DOCUMENTATION_COMMENTS = YES;
				CLANG_WARN_EMPTY_BODY = YES;
				CLANG_WARN_ENUM_CONVERSION = YES;
				CLANG_WARN_INFINITE_RECURSION = YES;
				CLANG_WARN_INT_CONVERSION = YES;
				CLANG_WARN_NON_LITERAL_NULL_CONVERSION = YES;
				CLANG_WARN_OBJC_IMPLICIT_RETAIN_SELF = YES;
				CLANG_WARN_OBJC_LITERAL_CONVERSION = YES;
				CLANG_WARN_OBJC_ROOT_CLASS = YES_ERROR;
				CLANG_WARN_QUOTED_INCLUDE_IN_FRAMEWORK_HEADER = YES;
				CLANG_WARN_RANGE_LOOP_ANALYSIS = YES;
				CLANG_WARN_STRICT_PROTOTYPES = YES;
				CLANG_WARN_SUSPICIOUS_MOVE = YES;
				CLANG_WARN_UNGUARDED_AVAILABILITY = YES_AGGRESSIVE;
				CLANG_WARN_UNREACHABLE_CODE = YES;
				CLANG_WARN__DUPLICATE_METHOD_MATCH = YES;
				COPY_PHASE_STRIP = NO;
				DEAD_CODE_STRIPPING = YES;
				DEBUG_INFORMATION_FORMAT = "dwarf-with-dsym";
				ENABLE_NS_ASSERTIONS = NO;
				ENABLE_STRICT_OBJC_MSGSEND = YES;
				ENABLE_USER_SCRIPT_SANDBOXING = YES;
				GCC_C_LANGUAGE_STANDARD = c99;
				GCC_NO_COMMON_BLOCKS = YES;
				GCC_PREPROCESSOR_DEFINITIONS = "";
				GCC_WARN_64_TO_32_BIT_CONVERSION = YES;
				GCC_WARN_ABOUT_RETURN_TYPE = YES_ERROR;
				GCC_WARN_UNDECLARED_SELECTOR = YES;
				GCC_WARN_UNINITIALIZED_AUTOS = YES_AGGRESSIVE;
				GCC_WARN_UNUSED_FUNCTION = YES;
				GCC_WARN_UNUSED_VARIABLE = YES;
				MACOSX_DEPLOYMENT_TARGET = 10.15;
				MTL_ENABLE_DEBUG_INFO = NO;
				MTL_FAST_MATH = YES;
				SDKROOT = macosx;
			};
			name = Release;
		};
		425E1D7E2E88180600864160 /* Debug */ = {
			isa = XCBuildConfiguration;
			buildSettings = {
				ASSETCATALOG_COMPILER_GENERATE_SWIFT_ASSET_SYMBOL_EXTENSIONS = YES;
				CLANG_ANALYZER_NONNULL = YES;
				CLANG_CXX_LANGUAGE_STANDARD = "gnu++20";
				CODE_SIGN_STYLE = Automatic;
				COMBINE_HIDPI_IMAGES = YES;
				CURRENT_PROJECT_VERSION = 1;
				DEFINES_MODULE = NO;
				DEVELOPMENT_TEAM = 8X9J3P3289;
				DONT_GENERATE_INFOPLIST_FILE = NO;
				DYLIB_COMPATIBILITY_VERSION = 1;
				DYLIB_CURRENT_VERSION = 1;
				DYLIB_INSTALL_NAME_BASE = "@rpath";
				ENABLE_MODULE_VERIFIER = YES;
				GCC_C_LANGUAGE_STANDARD = gnu17;
				GCC_PREPROCESSOR_DEFINITIONS = (
					_CC_USE_UNIXODBC_,
					_CC_USE_OPENSSL_,
				);
				GENERATE_INFOPLIST_FILE = YES;
				HEADER_SEARCH_PATHS = (
					../include,
					"../../third-party/",
					/opt/homebrew/include,
					"/opt/homebrew/opt/mysql-client/include",
				);
				INFOPLIST_KEY_NSHumanReadableCopyright = "";
				INSTALL_PATH = "$(LOCAL_LIBRARY_DIR)/Frameworks";
				LD_RUNPATH_SEARCH_PATHS = (
					"$(inherited)",
					"@executable_path/../Frameworks",
					"@loader_path/Frameworks",
				);
				LIBRARY_SEARCH_PATHS = (
					../lib,
					/opt/homebrew/Cellar/unixodbc/2.3.12/lib,
					/opt/homebrew/lib,
					"/opt/homebrew/opt/mysql-client/lib",
					"/opt/homebrew/Cellar/openssl@3/3.5.2/lib",
					"/opt/homebrew/Cellar/mysql-client/9.4.0/lib",
				);
				LOCALIZATION_PREFERS_STRING_CATALOGS = YES;
				MACOSX_DEPLOYMENT_TARGET = 15.4;
				MARKETING_VERSION = 1.0;
				MODULE_VERIFIER_SUPPORTED_LANGUAGES = "objective-c objective-c++";
				MODULE_VERIFIER_SUPPORTED_LANGUAGE_STANDARDS = "gnu17 gnu++20";
				PRODUCT_BUNDLE_IDENTIFIER = cn.libcc.osx.cc;
				PRODUCT_NAME = "$(TARGET_NAME:c99extidentifier)";
				SKIP_INSTALL = YES;
				SWIFT_EMIT_LOC_STRINGS = YES;
				VERSIONING_SYSTEM = "apple-generic";
				VERSION_INFO_PREFIX = "";
			};
			name = Debug;
		};
		425E1D7F2E88180600864160 /* Release */ = {
			isa = XCBuildConfiguration;
			buildSettings = {
				ASSETCATALOG_COMPILER_GENERATE_SWIFT_ASSET_SYMBOL_EXTENSIONS = YES;
				CLANG_ANALYZER_NONNULL = YES;
				CLANG_CXX_LANGUAGE_STANDARD = "gnu++20";
				CODE_SIGN_STYLE = Automatic;
				COMBINE_HIDPI_IMAGES = YES;
				CURRENT_PROJECT_VERSION = 1;
				DEFINES_MODULE = NO;
				DEVELOPMENT_TEAM = 8X9J3P3289;
				DONT_GENERATE_INFOPLIST_FILE = NO;
				DYLIB_COMPATIBILITY_VERSION = 1;
				DYLIB_CURRENT_VERSION = 1;
				DYLIB_INSTALL_NAME_BASE = "@rpath";
				ENABLE_MODULE_VERIFIER = YES;
				GCC_C_LANGUAGE_STANDARD = gnu17;
				GCC_PREPROCESSOR_DEFINITIONS = (
					_CC_USE_UNIXODBC_,
					_CC_USE_OPENSSL_,
				);
				GENERATE_INFOPLIST_FILE = YES;
				HEADER_SEARCH_PATHS = (
					../include,
					"../../third-party/",
					/opt/homebrew/include,
					"/opt/homebrew/opt/mysql-client/include",
				);
				INFOPLIST_KEY_NSHumanReadableCopyright = "";
				INSTALL_PATH = "$(LOCAL_LIBRARY_DIR)/Frameworks";
				LD_RUNPATH_SEARCH_PATHS = (
					"$(inherited)",
					"@executable_path/../Frameworks",
					"@loader_path/Frameworks",
				);
				LIBRARY_SEARCH_PATHS = (
					../lib,
					/opt/homebrew/Cellar/unixodbc/2.3.12/lib,
					/opt/homebrew/lib,
					"/opt/homebrew/opt/mysql-client/lib",
					"/opt/homebrew/Cellar/openssl@3/3.5.2/lib",
					"/opt/homebrew/Cellar/mysql-client/9.4.0/lib",
				);
				LOCALIZATION_PREFERS_STRING_CATALOGS = YES;
				MACOSX_DEPLOYMENT_TARGET = 15.4;
				MARKETING_VERSION = 1.0;
				MODULE_VERIFIER_SUPPORTED_LANGUAGES = "objective-c objective-c++";
				MODULE_VERIFIER_SUPPORTED_LANGUAGE_STANDARDS = "gnu17 gnu++20";
				PRODUCT_BUNDLE_IDENTIFIER = cn.libcc.osx.cc;
				PRODUCT_NAME = "$(TARGET_NAME:c99extidentifier)";
				SKIP_INSTALL = YES;
				SWIFT_EMIT_LOC_STRINGS = YES;
				VERSIONING_SYSTEM = "apple-generic";
				VERSION_INFO_PREFIX = "";
			};
			name = Release;
		};
/* End XCBuildConfiguration section */

/* Begin XCConfigurationList section */
		414B4B512990BEB600F4A7CB /* Build configuration list for PBXProject "cc" */ = {
			isa = XCConfigurationList;
			buildConfigurations = (
				414B4B582990BEB600F4A7CB /* Debug */,
				414B4B592990BEB600F4A7CB /* Release */,
			);
			defaultConfigurationIsVisible = 0;
			defaultConfigurationName = Release;
		};
		425E1D7D2E88180600864160 /* Build configuration list for PBXNativeTarget "cc" */ = {
			isa = XCConfigurationList;
			buildConfigurations = (
				425E1D7E2E88180600864160 /* Debug */,
				425E1D7F2E88180600864160 /* Release */,
			);
			defaultConfigurationIsVisible = 0;
			defaultConfigurationName = Release;
		};
/* End XCConfigurationList section */
	};
	rootObject = 414B4B4E2990BEB600F4A7CB /* Project object */;
}
