<?xml version='1.0' encoding='utf-8'?>
<Project ToolsVersion="4.0" xmlns="http://schemas.microsoft.com/developer/msbuild/2003"><ItemGroup><Filter Include="assets"><UniqueIdentifier>3bb0a198-098d-4fac-85d0-6807d335965b</UniqueIdentifier><Extensions>rc;ico;cur;bmp;dlg;rc2;rct;bin;rgs;gif;jpg;jpeg;jpe;resx;tiff;tif;png;wav;mfcribbon-ms</Extensions></Filter><Filter Include="src"><UniqueIdentifier>313627c8-b8a3-4883-8e36-b688f5518b0b</UniqueIdentifier><Extensions>cpp;c;cc;cxx;def;odl;idl;hpj;bat;asm;asmx</Extensions></Filter><Filter Include="include"><UniqueIdentifier>c948eb74-ce93-4010-b17f-9c4945f348e5</UniqueIdentifier><Extensions>h;hpp;hxx;hm;inl;inc;xsd</Extensions></Filter><Filter Include="include"><UniqueIdentifier>f7efbfb1-22c6-4cf4-bd3b-6b036cf79376</UniqueIdentifier></Filter><Filter Include="include\libcc"><UniqueIdentifier>839a9d30-77e0-464e-bc9a-d1bf4b4be5b6</UniqueIdentifier></Filter><Filter Include="include\libcc\widgets"><UniqueIdentifier>ecc31cb6-223a-4ac3-9e13-924317cec799</UniqueIdentifier></Filter><Filter Include="src"><UniqueIdentifier>93b781cd-7d90-448b-a952-3ac0a5e575bd</UniqueIdentifier></Filter><Filter Include="src\widgets"><UniqueIdentifier>bf6bbba7-9f42-4bf8-b0c6-506cffa47058</UniqueIdentifier></Filter><Filter Include="src\widgets\db"><UniqueIdentifier>b1e1ebb6-62f7-49f2-8131-e5b69f2ec982</UniqueIdentifier></Filter><Filter Include="src\widgets\event"><UniqueIdentifier>61eff6fa-00db-4ad3-9369-8e31a579d1e6</UniqueIdentifier></Filter><Filter Include="src\widgets\event\windows"><UniqueIdentifier>f40ace2f-0024-42d3-989c-5cff8fb5626b</UniqueIdentifier></Filter><Filter Include="src\widgets\generic"><UniqueIdentifier>b8f2b9de-4253-4807-9c38-71462eec300a</UniqueIdentifier></Filter><Filter Include="src\widgets\http"><UniqueIdentifier>12040536-df4d-4e08-ac58-6f3eb14ba855</UniqueIdentifier></Filter><Filter Include="src\widgets\ini"><UniqueIdentifier>2e5780cc-7131-483f-8fb9-7341049d1d36</UniqueIdentifier></Filter><Filter Include="src\widgets\json"><UniqueIdentifier>9f003a92-e6b7-48f5-910d-0d9f174493c2</UniqueIdentifier></Filter><Filter Include="src\widgets\url_request"><UniqueIdentifier>e6980f5c-c36b-4d59-ae38-03774b799491</UniqueIdentifier></Filter><Filter Include="src\widgets\url_request\http"><UniqueIdentifier>216782b6-ec34-4ac4-9c5e-08d3089a2fd9</UniqueIdentifier></Filter><Filter Include="src\widgets\xml"><UniqueIdentifier>80494a42-7836-4168-9a7e-462a3bfdfa18</UniqueIdentifier></Filter></ItemGroup><ItemGroup><ClCompile Include="..\src\widgets\generic\generic.c"><Filter>src\widgets\generic</Filter></ClCompile><ClCompile Include="..\src\widgets\generic\gzip.c"><Filter>src\widgets\generic</Filter></ClCompile><ClCompile Include="..\src\widgets\generic\WS.c"><Filter>src\widgets\generic</Filter></ClCompile><ClCompile Include="..\src\widgets\db\mysql.c"><Filter>src\widgets\db</Filter></ClCompile><ClCompile Include="..\src\widgets\db\sqlite.c"><Filter>src\widgets\db</Filter></ClCompile><ClCompile Include="..\src\widgets\db\sqlsvr.c"><Filter>src\widgets\db</Filter></ClCompile><ClCompile Include="..\src\widgets\ini\ini.c"><Filter>src\widgets\ini</Filter></ClCompile><ClCompile Include="..\src\widgets\ini\ini.parser.c"><Filter>src\widgets\ini</Filter></ClCompile><ClCompile Include="..\src\widgets\xml\xml.c"><Filter>src\widgets\xml</Filter></ClCompile><ClCompile Include="..\src\widgets\xml\xml.parser.c"><Filter>src\widgets\xml</Filter></ClCompile><ClCompile Include="..\src\widgets\json\json.array.c"><Filter>src\widgets\json</Filter></ClCompile><ClCompile Include="..\src\widgets\json\json.c"><Filter>src\widgets\json</Filter></ClCompile><ClCompile Include="..\src\widgets\json\json.object.c"><Filter>src\widgets\json</Filter></ClCompile><ClCompile Include="..\src\widgets\json\json.parser.c"><Filter>src\widgets\json</Filter></ClCompile><ClCompile Include="..\src\widgets\http\header.c"><Filter>src\widgets\http</Filter></ClCompile><ClCompile Include="..\src\widgets\http\request.parser.c"><Filter>src\widgets\http</Filter></ClCompile><ClCompile Include="..\src\widgets\http\response.parser.c"><Filter>src\widgets\http</Filter></ClCompile><ClCompile Include="..\src\widgets\url_request\http\url_request.c"><Filter>src\widgets\url_request\http</Filter></ClCompile><ClCompile Include="..\src\widgets\url_request\http\url_response.c"><Filter>src\widgets\url_request\http</Filter></ClCompile><ClCompile Include="..\src\widgets\event\event.c"><Filter>src\widgets\event</Filter></ClCompile><ClCompile Include="..\src\widgets\event\loop.c"><Filter>src\widgets\event</Filter></ClCompile><ClCompile Include="..\src\widgets\event\buffer.c"><Filter>src\widgets\event</Filter></ClCompile><ClCompile Include="..\src\widgets\event\select.c"><Filter>src\widgets\event</Filter></ClCompile><ClCompile Include="..\src\widgets\event\tcp.c"><Filter>src\widgets\event</Filter></ClCompile><ClCompile Include="..\src\widgets\event\timeout.c"><Filter>src\widgets\event</Filter></ClCompile><ClCompile Include="..\src\widgets\event\OpenSSL.c"><Filter>src\widgets\event</Filter></ClCompile><ClCompile Include="..\src\widgets\event\windows\sys_iocp.c"><Filter>src\widgets\event\windows</Filter></ClCompile><ClCompile Include="..\src\widgets\event\windows\sys_io_context.c"><Filter>src\widgets\event\windows</Filter></ClCompile><ClCompile Include="..\src\widgets\event\windows\sys_WSA.c"><Filter>src\widgets\event\windows</Filter></ClCompile><ClCompile Include="..\src\widgets\widgets.c"><Filter>src\widgets</Filter></ClCompile><ClCompile Include="..\src\widgets\main.c"><Filter>src\widgets</Filter></ClCompile></ItemGroup><ItemGroup><ClInclude Include="..\include\libcc\widgets\event.h"><Filter>include\libcc\widgets</Filter></ClInclude><ClInclude Include="..\include\libcc\widgets\http.h"><Filter>include\libcc\widgets</Filter></ClInclude><ClInclude Include="..\include\libcc\widgets\ini.h"><Filter>include\libcc\widgets</Filter></ClInclude><ClInclude Include="..\include\libcc\widgets\json.h"><Filter>include\libcc\widgets</Filter></ClInclude><ClInclude Include="..\include\libcc\widgets\socks5.h"><Filter>include\libcc\widgets</Filter></ClInclude><ClInclude Include="..\include\libcc\widgets\sql.h"><Filter>include\libcc\widgets</Filter></ClInclude><ClInclude Include="..\include\libcc\widgets\timeout.h"><Filter>include\libcc\widgets</Filter></ClInclude><ClInclude Include="..\include\libcc\widgets\WS.h"><Filter>include\libcc\widgets</Filter></ClInclude><ClInclude Include="..\include\libcc\widgets\xml.h"><Filter>include\libcc\widgets</Filter></ClInclude><ClInclude Include="..\include\libcc\widgets\dns.h"><Filter>include\libcc\widgets</Filter></ClInclude><ClInclude Include="..\include\libcc\widgets\dylib.h"><Filter>include\libcc\widgets</Filter></ClInclude><ClInclude Include="..\include\libcc\widgets\ftp.h"><Filter>include\libcc\widgets</Filter></ClInclude><ClInclude Include="..\include\libcc\widgets\ip_locator.h"><Filter>include\libcc\widgets</Filter></ClInclude><ClInclude Include="..\include\libcc\widgets\smtp.h"><Filter>include\libcc\widgets</Filter></ClInclude><ClInclude Include="..\include\libcc\widgets\OpenSSL.h"><Filter>include\libcc\widgets</Filter></ClInclude><ClInclude Include="..\include\libcc\widgets\gzip.h"><Filter>include\libcc\widgets</Filter></ClInclude><ClInclude Include="..\include\libcc\widgets\url_request.h"><Filter>include\libcc\widgets</Filter></ClInclude><ClInclude Include="..\include\libcc\widgets\widgets.h"><Filter>include\libcc\widgets</Filter></ClInclude><ClInclude Include="..\src\widgets\event\event.c.h"><Filter>src\widgets\event</Filter></ClInclude><ClInclude Include="..\src\widgets\event\windows\sys_iocp.h"><Filter>src\widgets\event\windows</Filter></ClInclude><ClInclude Include="..\src\widgets\event\windows\sys_socket_c.h"><Filter>src\widgets\event\windows</Filter></ClInclude><ClInclude Include="..\src\widgets\generic\generic.c.h"><Filter>src\widgets\generic</Filter></ClInclude><ClInclude Include="..\src\widgets\ini\ini.c.h"><Filter>src\widgets\ini</Filter></ClInclude><ClInclude Include="..\src\widgets\json\json.c.h"><Filter>src\widgets\json</Filter></ClInclude><ClInclude Include="..\src\widgets\xml\xml.c.h"><Filter>src\widgets\xml</Filter></ClInclude></ItemGroup></Project>