<?xml version='1.0' encoding='utf-8'?>
<Project ToolsVersion="4.0" xmlns="http://schemas.microsoft.com/developer/msbuild/2003"><ItemGroup><Filter Include="assets"><UniqueIdentifier>bacc1344-94e6-4067-9252-8d18ad74feff</UniqueIdentifier><Extensions>rc;ico;cur;bmp;dlg;rc2;rct;bin;rgs;gif;jpg;jpeg;jpe;resx;tiff;tif;png;wav;mfcribbon-ms</Extensions></Filter><Filter Include="src"><UniqueIdentifier>c1fdb609-a652-49c9-97ff-cf2c14d7dba8</UniqueIdentifier><Extensions>cpp;c;cc;cxx;def;odl;idl;hpj;bat;asm;asmx</Extensions></Filter><Filter Include="include"><UniqueIdentifier>d45459b0-4638-4a1f-bbfe-5266c4d1cbfc</UniqueIdentifier><Extensions>h;hpp;hxx;hm;inl;inc;xsd</Extensions></Filter><Filter Include="include"><UniqueIdentifier>b3b4f792-fcda-4ae6-8a6d-b378f41f49a2</UniqueIdentifier></Filter><Filter Include="include\libcc"><UniqueIdentifier>5338637c-25a3-42b2-9da4-1091675adbea</UniqueIdentifier></Filter><Filter Include="include\libcc\core"><UniqueIdentifier>e5056d21-41cd-4985-acc2-7b4b3b0f7277</UniqueIdentifier></Filter><Filter Include="include\libcc\core\windows"><UniqueIdentifier>ea7b2ef3-5b22-45c3-8da9-d70a1b1690da</UniqueIdentifier></Filter><Filter Include="include\libcc\crypto"><UniqueIdentifier>3521e832-9630-4525-b792-5e9c7e2ea8a8</UniqueIdentifier></Filter><Filter Include="include\libcc\socket"><UniqueIdentifier>f29dabb1-8344-4d67-807c-aa07e345887b</UniqueIdentifier></Filter><Filter Include="include\libcc\socket\windows"><UniqueIdentifier>f6171568-b422-4084-a30b-9bf58a15f4d6</UniqueIdentifier></Filter><Filter Include="include\libcc\thread"><UniqueIdentifier>caced085-c837-43e7-82f2-a70287f8ee14</UniqueIdentifier></Filter><Filter Include="include\libcc\thread\windows"><UniqueIdentifier>48d35671-2fd4-4a1f-8b7c-7a4ce001b337</UniqueIdentifier></Filter><Filter Include="src"><UniqueIdentifier>d0c6def9-8bc4-44d7-86eb-b124cf711df5</UniqueIdentifier></Filter><Filter Include="src\atomic"><UniqueIdentifier>918111e2-d4ba-45cc-91de-74dfd8a56cfa</UniqueIdentifier></Filter><Filter Include="src\core"><UniqueIdentifier>88114a4b-c92a-4e39-adf2-e8989259406a</UniqueIdentifier></Filter><Filter Include="src\core\windows"><UniqueIdentifier>fbf52770-561a-4d25-8bdb-d39dfeca150d</UniqueIdentifier></Filter><Filter Include="src\crypto"><UniqueIdentifier>609b0cd4-bb74-434f-917c-fee1ea640b76</UniqueIdentifier></Filter><Filter Include="src\loadso"><UniqueIdentifier>fe9d6588-3fb1-454d-8668-5033a21780af</UniqueIdentifier></Filter><Filter Include="src\loadso\windows"><UniqueIdentifier>efe6b555-c33c-4df3-94af-61e0fe7d6597</UniqueIdentifier></Filter><Filter Include="src\power"><UniqueIdentifier>40ef3ad0-2c55-455a-821c-843c4cc8b321</UniqueIdentifier></Filter><Filter Include="src\power\windows"><UniqueIdentifier>2dcd1d51-fd73-4d9c-8e6a-57ee07095d31</UniqueIdentifier></Filter><Filter Include="src\socket"><UniqueIdentifier>490ddea1-d8f9-4fdc-9968-db291ac6503b</UniqueIdentifier></Filter><Filter Include="src\socket\windows"><UniqueIdentifier>56645e5e-d706-49f4-8624-8e153d407169</UniqueIdentifier></Filter><Filter Include="src\thread"><UniqueIdentifier>13b2a3fe-1414-4e49-a568-70d3062f90e8</UniqueIdentifier></Filter><Filter Include="src\thread\windows"><UniqueIdentifier>de729b2a-23be-461b-bd0c-294812505bc9</UniqueIdentifier></Filter><Filter Include="src\time"><UniqueIdentifier>8839c5bd-7df1-483e-a6bd-d55074ea7f74</UniqueIdentifier></Filter><Filter Include="src\time\windows"><UniqueIdentifier>8ae4841d-8166-44c2-b065-d8ac7af91e00</UniqueIdentifier></Filter></ItemGroup><ItemGroup><ClCompile Include="..\src\alloc.c"><Filter>src</Filter></ClCompile><ClCompile Include="..\src\array.c"><Filter>src</Filter></ClCompile><ClCompile Include="..\src\queue.c"><Filter>src</Filter></ClCompile><ClCompile Include="..\src\buf.c"><Filter>src</Filter></ClCompile><ClCompile Include="..\src\string.c"><Filter>src</Filter></ClCompile><ClCompile Include="..\src\url.c"><Filter>src</Filter></ClCompile><ClCompile Include="..\src\UTF.c"><Filter>src</Filter></ClCompile><ClCompile Include="..\src\uuid.c"><Filter>src</Filter></ClCompile><ClCompile Include="..\src\crc.c"><Filter>src</Filter></ClCompile><ClCompile Include="..\src\list.c"><Filter>src</Filter></ClCompile><ClCompile Include="..\src\hmap.c"><Filter>src</Filter></ClCompile><ClCompile Include="..\src\logger.c"><Filter>src</Filter></ClCompile><ClCompile Include="..\src\syslog.c"><Filter>src</Filter></ClCompile><ClCompile Include="..\src\rand.c"><Filter>src</Filter></ClCompile><ClCompile Include="..\src\rbtree.c"><Filter>src</Filter></ClCompile><ClCompile Include="..\src\ring.c"><Filter>src</Filter></ClCompile><ClCompile Include="..\src\atomic\atomic.c"><Filter>src\atomic</Filter></ClCompile><ClCompile Include="..\src\atomic\rwlock.c"><Filter>src\atomic</Filter></ClCompile><ClCompile Include="..\src\core\file.c"><Filter>src\core</Filter></ClCompile><ClCompile Include="..\src\core\generic.c"><Filter>src\core</Filter></ClCompile><ClCompile Include="..\src\core\cpu_info.c"><Filter>src\core</Filter></ClCompile><ClCompile Include="..\src\core\windows\sys_mmap.c"><Filter>src\core\windows</Filter></ClCompile><ClCompile Include="..\src\core\windows\sys_pipe.c"><Filter>src\core\windows</Filter></ClCompile><ClCompile Include="..\src\core\windows\sys_windows.c"><Filter>src\core\windows</Filter></ClCompile><ClCompile Include="..\src\core\windows\sys_clipboard.c"><Filter>src\core\windows</Filter></ClCompile><ClCompile Include="..\src\core\windows\sys_dirent.c"><Filter>src\core\windows</Filter></ClCompile><ClCompile Include="..\src\core\windows\sys_file.c"><Filter>src\core\windows</Filter></ClCompile><ClCompile Include="..\src\core\windows\sys_locale.c"><Filter>src\core\windows</Filter></ClCompile><ClCompile Include="..\src\crypto\des.c"><Filter>src\crypto</Filter></ClCompile><ClCompile Include="..\src\crypto\aes.c"><Filter>src\crypto</Filter></ClCompile><ClCompile Include="..\src\crypto\base16.c"><Filter>src\crypto</Filter></ClCompile><ClCompile Include="..\src\crypto\base58.c"><Filter>src\crypto</Filter></ClCompile><ClCompile Include="..\src\crypto\base64.c"><Filter>src\crypto</Filter></ClCompile><ClCompile Include="..\src\crypto\hmac.c"><Filter>src\crypto</Filter></ClCompile><ClCompile Include="..\src\crypto\md2.c"><Filter>src\crypto</Filter></ClCompile><ClCompile Include="..\src\crypto\md4.c"><Filter>src\crypto</Filter></ClCompile><ClCompile Include="..\src\crypto\md5.c"><Filter>src\crypto</Filter></ClCompile><ClCompile Include="..\src\crypto\sha1.c"><Filter>src\crypto</Filter></ClCompile><ClCompile Include="..\src\crypto\sha256.c"><Filter>src\crypto</Filter></ClCompile><ClCompile Include="..\src\crypto\sha512.c"><Filter>src\crypto</Filter></ClCompile><ClCompile Include="..\src\crypto\xxtea.c"><Filter>src\crypto</Filter></ClCompile><ClCompile Include="..\src\loadso\windows\sys_loadso.c"><Filter>src\loadso\windows</Filter></ClCompile><ClCompile Include="..\src\power\power.c"><Filter>src\power</Filter></ClCompile><ClCompile Include="..\src\power\windows\sys_power.c"><Filter>src\power\windows</Filter></ClCompile><ClCompile Include="..\src\socket\inet.c"><Filter>src\socket</Filter></ClCompile><ClCompile Include="..\src\socket\socket.c"><Filter>src\socket</Filter></ClCompile><ClCompile Include="..\src\socket\windows\sys_socket.c"><Filter>src\socket\windows</Filter></ClCompile><ClCompile Include="..\src\thread\thread.c"><Filter>src\thread</Filter></ClCompile><ClCompile Include="..\src\thread\windows\sys_cond.c"><Filter>src\thread\windows</Filter></ClCompile><ClCompile Include="..\src\thread\windows\sys_mutex.c"><Filter>src\thread\windows</Filter></ClCompile><ClCompile Include="..\src\thread\windows\sys_sem.c"><Filter>src\thread\windows</Filter></ClCompile><ClCompile Include="..\src\thread\windows\sys_thread.c"><Filter>src\thread\windows</Filter></ClCompile><ClCompile Include="..\src\time\strptime.c"><Filter>src\time</Filter></ClCompile><ClCompile Include="..\src\time\time.c"><Filter>src\time</Filter></ClCompile><ClCompile Include="..\src\time\windows\sys_time.c"><Filter>src\time\windows</Filter></ClCompile></ItemGroup><ItemGroup><ClInclude Include="..\include\libcc\alloc.h"><Filter>include\libcc</Filter></ClInclude><ClInclude Include="..\include\libcc\array.h"><Filter>include\libcc</Filter></ClInclude><ClInclude Include="..\include\libcc\atomic.h"><Filter>include\libcc</Filter></ClInclude><ClInclude Include="..\include\libcc\buf.h"><Filter>include\libcc</Filter></ClInclude><ClInclude Include="..\include\libcc\generic.h"><Filter>include\libcc</Filter></ClInclude><ClInclude Include="..\include\libcc\core\compiler.h"><Filter>include\libcc\core</Filter></ClInclude><ClInclude Include="..\include\libcc\core\platform.h"><Filter>include\libcc\core</Filter></ClInclude><ClInclude Include="..\include\libcc\core\cpu_info.h"><Filter>include\libcc\core</Filter></ClInclude><ClInclude Include="..\include\libcc\core\file.h"><Filter>include\libcc\core</Filter></ClInclude><ClInclude Include="..\include\libcc\core\windows\sys_flock.h"><Filter>include\libcc\core\windows</Filter></ClInclude><ClInclude Include="..\include\libcc\dirent.h"><Filter>include\libcc</Filter></ClInclude><ClInclude Include="..\include\libcc\list.h"><Filter>include\libcc</Filter></ClInclude><ClInclude Include="..\include\libcc\endian.h"><Filter>include\libcc</Filter></ClInclude><ClInclude Include="..\include\libcc\crc.h"><Filter>include\libcc</Filter></ClInclude><ClInclude Include="..\include\libcc\loadso.h"><Filter>include\libcc</Filter></ClInclude><ClInclude Include="..\include\libcc\logger.h"><Filter>include\libcc</Filter></ClInclude><ClInclude Include="..\include\libcc\syslog.h"><Filter>include\libcc</Filter></ClInclude><ClInclude Include="..\include\libcc\math.h"><Filter>include\libcc</Filter></ClInclude><ClInclude Include="..\include\libcc\mutex.h"><Filter>include\libcc</Filter></ClInclude><ClInclude Include="..\include\libcc\power.h"><Filter>include\libcc</Filter></ClInclude><ClInclude Include="..\include\libcc\rand.h"><Filter>include\libcc</Filter></ClInclude><ClInclude Include="..\include\libcc\rbtree.h"><Filter>include\libcc</Filter></ClInclude><ClInclude Include="..\include\libcc\ring.h"><Filter>include\libcc</Filter></ClInclude><ClInclude Include="..\include\libcc\queue.h"><Filter>include\libcc</Filter></ClInclude><ClInclude Include="..\include\libcc\socket\socket.h"><Filter>include\libcc\socket</Filter></ClInclude><ClInclude Include="..\include\libcc\socket\windows\sys_iocp.h"><Filter>include\libcc\socket\windows</Filter></ClInclude><ClInclude Include="..\include\libcc\socket\windows\sys_socket.h"><Filter>include\libcc\socket\windows</Filter></ClInclude><ClInclude Include="..\include\libcc\string.h"><Filter>include\libcc</Filter></ClInclude><ClInclude Include="..\include\libcc\hmap.h"><Filter>include\libcc</Filter></ClInclude><ClInclude Include="..\include\libcc\tchar.h"><Filter>include\libcc</Filter></ClInclude><ClInclude Include="..\include\libcc\thread.h"><Filter>include\libcc</Filter></ClInclude><ClInclude Include="..\include\libcc\thread\sys_thread.h"><Filter>include\libcc\thread</Filter></ClInclude><ClInclude Include="..\include\libcc\thread\windows\sys_thread.h"><Filter>include\libcc\thread\windows</Filter></ClInclude><ClInclude Include="..\include\libcc\time.h"><Filter>include\libcc</Filter></ClInclude><ClInclude Include="..\include\libcc\types.h"><Filter>include\libcc</Filter></ClInclude><ClInclude Include="..\include\libcc\url.h"><Filter>include\libcc</Filter></ClInclude><ClInclude Include="..\include\libcc\UTF.h"><Filter>include\libcc</Filter></ClInclude><ClInclude Include="..\include\libcc\uuid.h"><Filter>include\libcc</Filter></ClInclude><ClInclude Include="..\include\libcc\version.h"><Filter>include\libcc</Filter></ClInclude><ClInclude Include="..\include\libcc.h"><Filter>include</Filter></ClInclude><ClInclude Include="..\include\libcc\crypto\aes.h"><Filter>include\libcc\crypto</Filter></ClInclude><ClInclude Include="..\include\libcc\crypto\des.h"><Filter>include\libcc\crypto</Filter></ClInclude><ClInclude Include="..\include\libcc\crypto\base16.h"><Filter>include\libcc\crypto</Filter></ClInclude><ClInclude Include="..\include\libcc\crypto\base58.h"><Filter>include\libcc\crypto</Filter></ClInclude><ClInclude Include="..\include\libcc\crypto\base64.h"><Filter>include\libcc\crypto</Filter></ClInclude><ClInclude Include="..\include\libcc\crypto\md2.h"><Filter>include\libcc\crypto</Filter></ClInclude><ClInclude Include="..\include\libcc\crypto\md4.h"><Filter>include\libcc\crypto</Filter></ClInclude><ClInclude Include="..\include\libcc\crypto\md5.h"><Filter>include\libcc\crypto</Filter></ClInclude><ClInclude Include="..\include\libcc\crypto\hmac.h"><Filter>include\libcc\crypto</Filter></ClInclude><ClInclude Include="..\include\libcc\crypto\sha.h"><Filter>include\libcc\crypto</Filter></ClInclude><ClInclude Include="..\include\libcc\crypto\xxtea.h"><Filter>include\libcc\crypto</Filter></ClInclude><ClInclude Include="..\include\libcc\core\windows.h"><Filter>include\libcc\core</Filter></ClInclude><ClInclude Include="..\include\libcc\core\windows\sys_mmap.h"><Filter>include\libcc\core\windows</Filter></ClInclude></ItemGroup></Project>