<?xml version='1.0' encoding='utf-8'?>
<Project ToolsVersion="4.0" xmlns="http://schemas.microsoft.com/developer/msbuild/2003"><ItemGroup><Filter Include="assets"><UniqueIdentifier>03feb07d-536d-4f6a-ba5e-06aa7a80d8bc</UniqueIdentifier><Extensions>rc;ico;cur;bmp;dlg;rc2;rct;bin;rgs;gif;jpg;jpeg;jpe;resx;tiff;tif;png;wav;mfcribbon-ms</Extensions></Filter><Filter Include="src"><UniqueIdentifier>a0d310f1-4a15-47b5-aab0-19e8c366f717</UniqueIdentifier><Extensions>cpp;c;cc;cxx;def;odl;idl;hpj;bat;asm;asmx</Extensions></Filter><Filter Include="include"><UniqueIdentifier>0e033dd5-ad40-43c1-aa8d-64f65410b790</UniqueIdentifier><Extensions>h;hpp;hxx;hm;inl;inc;xsd</Extensions></Filter><Filter Include="tests"><UniqueIdentifier>9d90a890-9ff4-4348-8d07-0ec6e01c25f2</UniqueIdentifier></Filter></ItemGroup><ItemGroup><ClCompile Include="..\tests\test_atomic.c"><Filter>tests</Filter></ClCompile></ItemGroup><ItemGroup /></Project>