<?xml version='1.0' encoding='utf-8'?>
<Project ToolsVersion="4.0" xmlns="http://schemas.microsoft.com/developer/msbuild/2003"><ItemGroup><Filter Include="assets"><UniqueIdentifier>6546a29e-5122-4f3e-805b-674ac959b6e0</UniqueIdentifier><Extensions>rc;ico;cur;bmp;dlg;rc2;rct;bin;rgs;gif;jpg;jpeg;jpe;resx;tiff;tif;png;wav;mfcribbon-ms</Extensions></Filter><Filter Include="src"><UniqueIdentifier>66f47ed3-7796-4c36-9bb0-576e047561fb</UniqueIdentifier><Extensions>cpp;c;cc;cxx;def;odl;idl;hpj;bat;asm;asmx</Extensions></Filter><Filter Include="include"><UniqueIdentifier>dc527114-759c-4e6a-b646-69ddff11bacd</UniqueIdentifier><Extensions>h;hpp;hxx;hm;inl;inc;xsd</Extensions></Filter><Filter Include="tests"><UniqueIdentifier>6a44f639-e7bb-40ef-8496-ff26fe476ba3</UniqueIdentifier></Filter></ItemGroup><ItemGroup><ClCompile Include="..\tests\test_atomic.c"><Filter>tests</Filter></ClCompile></ItemGroup><ItemGroup /></Project>