<?xml version='1.0' encoding='utf-8'?>
<Project ToolsVersion="4.0" xmlns="http://schemas.microsoft.com/developer/msbuild/2003"><ItemGroup><Filter Include="assets"><UniqueIdentifier>dfff67ca-c919-492b-9221-41d53895d3bd</UniqueIdentifier><Extensions>rc;ico;cur;bmp;dlg;rc2;rct;bin;rgs;gif;jpg;jpeg;jpe;resx;tiff;tif;png;wav;mfcribbon-ms</Extensions></Filter><Filter Include="src"><UniqueIdentifier>e7852cc8-c374-42dc-85a7-43dd714f4091</UniqueIdentifier><Extensions>cpp;c;cc;cxx;def;odl;idl;hpj;bat;asm;asmx</Extensions></Filter><Filter Include="include"><UniqueIdentifier>f57fd1cf-af50-4555-bc77-ccb28a6f6d7f</UniqueIdentifier><Extensions>h;hpp;hxx;hm;inl;inc;xsd</Extensions></Filter><Filter Include="include"><UniqueIdentifier>daf1ed39-d2c3-4f3f-914c-933dfa99c502</UniqueIdentifier></Filter><Filter Include="include\libcc"><UniqueIdentifier>d3349a5d-533c-4a95-acf5-09c56502865f</UniqueIdentifier></Filter><Filter Include="include\libcc\core"><UniqueIdentifier>d077d502-6ca3-46da-af19-824bb3d9f906</UniqueIdentifier></Filter><Filter Include="include\libcc\core\windows"><UniqueIdentifier>4defb183-641f-45b1-aa10-5137452383df</UniqueIdentifier></Filter><Filter Include="include\libcc\crypto"><UniqueIdentifier>a7c84ea5-674a-41b5-b83f-c03118eea49b</UniqueIdentifier></Filter><Filter Include="include\libcc\socket"><UniqueIdentifier>f997fa30-4fe1-4737-8380-73a6583f820d</UniqueIdentifier></Filter><Filter Include="include\libcc\socket\windows"><UniqueIdentifier>30b78d42-2e2c-4bbc-ad28-28c522df43cc</UniqueIdentifier></Filter><Filter Include="include\libcc\thread"><UniqueIdentifier>f3b6d537-e76b-45d8-a8b2-d73c0e7aef5f</UniqueIdentifier></Filter><Filter Include="include\libcc\thread\windows"><UniqueIdentifier>1bc74056-5506-4d7e-8502-af629b23db82</UniqueIdentifier></Filter><Filter Include="src"><UniqueIdentifier>574ee274-a5bf-4877-a9a4-c5bcfd69ddf7</UniqueIdentifier></Filter><Filter Include="src\atomic"><UniqueIdentifier>eb903ffb-39d1-44c5-a75e-5348f0973c5d</UniqueIdentifier></Filter><Filter Include="src\core"><UniqueIdentifier>f9afd2f6-cf15-4578-9e78-420835a02bec</UniqueIdentifier></Filter><Filter Include="src\core\windows"><UniqueIdentifier>a7203c22-777d-4e10-a6b9-9c8b7346e99f</UniqueIdentifier></Filter><Filter Include="src\crypto"><UniqueIdentifier>84925936-b422-4ee4-a5b1-e807125a3038</UniqueIdentifier></Filter><Filter Include="src\loadso"><UniqueIdentifier>ad53b54a-c817-4972-bd69-42b801cda9bd</UniqueIdentifier></Filter><Filter Include="src\loadso\windows"><UniqueIdentifier>e3d91c87-4bbb-4f72-94ad-6aa03e3f0a61</UniqueIdentifier></Filter><Filter Include="src\power"><UniqueIdentifier>ea69d167-6057-4625-aded-c880081b8b6d</UniqueIdentifier></Filter><Filter Include="src\power\windows"><UniqueIdentifier>5ad9ce81-4b8e-477c-9bcf-7c6b5d25fc4d</UniqueIdentifier></Filter><Filter Include="src\socket"><UniqueIdentifier>d445eafa-5991-481a-a8fc-b6ba9e8af3b5</UniqueIdentifier></Filter><Filter Include="src\socket\windows"><UniqueIdentifier>12f6b277-19e6-4a09-b9dc-6c6b6c635d4b</UniqueIdentifier></Filter><Filter Include="src\thread"><UniqueIdentifier>295cedad-1771-4a06-9680-ece9d852a727</UniqueIdentifier></Filter><Filter Include="src\thread\windows"><UniqueIdentifier>768f5d15-84fe-425a-9761-dff7a03ed4ab</UniqueIdentifier></Filter><Filter Include="src\time"><UniqueIdentifier>b91e4ad7-a3a0-4ba9-aafe-e612c77b3fb0</UniqueIdentifier></Filter><Filter Include="src\time\windows"><UniqueIdentifier>d749851a-1236-47ab-a5ec-4540add96093</UniqueIdentifier></Filter></ItemGroup><ItemGroup><ClCompile Include="..\src\alloc.c"><Filter>src</Filter></ClCompile><ClCompile Include="..\src\array.c"><Filter>src</Filter></ClCompile><ClCompile Include="..\src\queue.c"><Filter>src</Filter></ClCompile><ClCompile Include="..\src\buf.c"><Filter>src</Filter></ClCompile><ClCompile Include="..\src\sds.c"><Filter>src</Filter></ClCompile><ClCompile Include="..\src\string.c"><Filter>src</Filter></ClCompile><ClCompile Include="..\src\url.c"><Filter>src</Filter></ClCompile><ClCompile Include="..\src\UTF.c"><Filter>src</Filter></ClCompile><ClCompile Include="..\src\uuid.c"><Filter>src</Filter></ClCompile><ClCompile Include="..\src\crc.c"><Filter>src</Filter></ClCompile><ClCompile Include="..\src\list.c"><Filter>src</Filter></ClCompile><ClCompile Include="..\src\hmap.c"><Filter>src</Filter></ClCompile><ClCompile Include="..\src\logger.c"><Filter>src</Filter></ClCompile><ClCompile Include="..\src\syslog.c"><Filter>src</Filter></ClCompile><ClCompile Include="..\src\rand.c"><Filter>src</Filter></ClCompile><ClCompile Include="..\src\rbtree.c"><Filter>src</Filter></ClCompile><ClCompile Include="..\src\ring.c"><Filter>src</Filter></ClCompile><ClCompile Include="..\src\atomic\atomic.c"><Filter>src\atomic</Filter></ClCompile><ClCompile Include="..\src\atomic\rwlock.c"><Filter>src\atomic</Filter></ClCompile><ClCompile Include="..\src\core\file.c"><Filter>src\core</Filter></ClCompile><ClCompile Include="..\src\core\generic.c"><Filter>src\core</Filter></ClCompile><ClCompile Include="..\src\core\cpu_info.c"><Filter>src\core</Filter></ClCompile><ClCompile Include="..\src\core\windows\sys_mmap.c"><Filter>src\core\windows</Filter></ClCompile><ClCompile Include="..\src\core\windows\sys_pipe.c"><Filter>src\core\windows</Filter></ClCompile><ClCompile Include="..\src\core\windows\sys_windows.c"><Filter>src\core\windows</Filter></ClCompile><ClCompile Include="..\src\core\windows\sys_clipboard.c"><Filter>src\core\windows</Filter></ClCompile><ClCompile Include="..\src\core\windows\sys_dirent.c"><Filter>src\core\windows</Filter></ClCompile><ClCompile Include="..\src\core\windows\sys_file.c"><Filter>src\core\windows</Filter></ClCompile><ClCompile Include="..\src\core\windows\sys_locale.c"><Filter>src\core\windows</Filter></ClCompile><ClCompile Include="..\src\crypto\des.c"><Filter>src\crypto</Filter></ClCompile><ClCompile Include="..\src\crypto\aes.c"><Filter>src\crypto</Filter></ClCompile><ClCompile Include="..\src\crypto\base16.c"><Filter>src\crypto</Filter></ClCompile><ClCompile Include="..\src\crypto\base58.c"><Filter>src\crypto</Filter></ClCompile><ClCompile Include="..\src\crypto\base64.c"><Filter>src\crypto</Filter></ClCompile><ClCompile Include="..\src\crypto\hmac.c"><Filter>src\crypto</Filter></ClCompile><ClCompile Include="..\src\crypto\md2.c"><Filter>src\crypto</Filter></ClCompile><ClCompile Include="..\src\crypto\md4.c"><Filter>src\crypto</Filter></ClCompile><ClCompile Include="..\src\crypto\md5.c"><Filter>src\crypto</Filter></ClCompile><ClCompile Include="..\src\crypto\sha1.c"><Filter>src\crypto</Filter></ClCompile><ClCompile Include="..\src\crypto\sha256.c"><Filter>src\crypto</Filter></ClCompile><ClCompile Include="..\src\crypto\sha512.c"><Filter>src\crypto</Filter></ClCompile><ClCompile Include="..\src\crypto\xxtea.c"><Filter>src\crypto</Filter></ClCompile><ClCompile Include="..\src\loadso\windows\sys_loadso.c"><Filter>src\loadso\windows</Filter></ClCompile><ClCompile Include="..\src\power\power.c"><Filter>src\power</Filter></ClCompile><ClCompile Include="..\src\power\windows\sys_power.c"><Filter>src\power\windows</Filter></ClCompile><ClCompile Include="..\src\socket\inet.c"><Filter>src\socket</Filter></ClCompile><ClCompile Include="..\src\socket\socket.c"><Filter>src\socket</Filter></ClCompile><ClCompile Include="..\src\socket\windows\sys_socket.c"><Filter>src\socket\windows</Filter></ClCompile><ClCompile Include="..\src\thread\thread.c"><Filter>src\thread</Filter></ClCompile><ClCompile Include="..\src\thread\windows\sys_cond.c"><Filter>src\thread\windows</Filter></ClCompile><ClCompile Include="..\src\thread\windows\sys_mutex.c"><Filter>src\thread\windows</Filter></ClCompile><ClCompile Include="..\src\thread\windows\sys_sem.c"><Filter>src\thread\windows</Filter></ClCompile><ClCompile Include="..\src\thread\windows\sys_thread.c"><Filter>src\thread\windows</Filter></ClCompile><ClCompile Include="..\src\time\strptime.c"><Filter>src\time</Filter></ClCompile><ClCompile Include="..\src\time\time.c"><Filter>src\time</Filter></ClCompile><ClCompile Include="..\src\time\windows\sys_time.c"><Filter>src\time\windows</Filter></ClCompile></ItemGroup><ItemGroup><ClInclude Include="..\include\libcc\alloc.h"><Filter>include\libcc</Filter></ClInclude><ClInclude Include="..\include\libcc\array.h"><Filter>include\libcc</Filter></ClInclude><ClInclude Include="..\include\libcc\atomic.h"><Filter>include\libcc</Filter></ClInclude><ClInclude Include="..\include\libcc\buf.h"><Filter>include\libcc</Filter></ClInclude><ClInclude Include="..\include\libcc\generic.h"><Filter>include\libcc</Filter></ClInclude><ClInclude Include="..\include\libcc\dirent.h"><Filter>include\libcc</Filter></ClInclude><ClInclude Include="..\include\libcc\list.h"><Filter>include\libcc</Filter></ClInclude><ClInclude Include="..\include\libcc\endian.h"><Filter>include\libcc</Filter></ClInclude><ClInclude Include="..\include\libcc\crc.h"><Filter>include\libcc</Filter></ClInclude><ClInclude Include="..\include\libcc\loadso.h"><Filter>include\libcc</Filter></ClInclude><ClInclude Include="..\include\libcc\logger.h"><Filter>include\libcc</Filter></ClInclude><ClInclude Include="..\include\libcc\syslog.h"><Filter>include\libcc</Filter></ClInclude><ClInclude Include="..\include\libcc\math.h"><Filter>include\libcc</Filter></ClInclude><ClInclude Include="..\include\libcc\mutex.h"><Filter>include\libcc</Filter></ClInclude><ClInclude Include="..\include\libcc\power.h"><Filter>include\libcc</Filter></ClInclude><ClInclude Include="..\include\libcc\rand.h"><Filter>include\libcc</Filter></ClInclude><ClInclude Include="..\include\libcc\rbtree.h"><Filter>include\libcc</Filter></ClInclude><ClInclude Include="..\include\libcc\ring.h"><Filter>include\libcc</Filter></ClInclude><ClInclude Include="..\include\libcc\queue.h"><Filter>include\libcc</Filter></ClInclude><ClInclude Include="..\include\libcc\sds.h"><Filter>include\libcc</Filter></ClInclude><ClInclude Include="..\include\libcc\string.h"><Filter>include\libcc</Filter></ClInclude><ClInclude Include="..\include\libcc\hmap.h"><Filter>include\libcc</Filter></ClInclude><ClInclude Include="..\include\libcc\tchar.h"><Filter>include\libcc</Filter></ClInclude><ClInclude Include="..\include\libcc\thread.h"><Filter>include\libcc</Filter></ClInclude><ClInclude Include="..\include\libcc\socket\socket.h"><Filter>include\libcc\socket</Filter></ClInclude><ClInclude Include="..\include\libcc\socket\windows\sys_iocp.h"><Filter>include\libcc\socket\windows</Filter></ClInclude><ClInclude Include="..\include\libcc\socket\windows\sys_socket.h"><Filter>include\libcc\socket\windows</Filter></ClInclude><ClInclude Include="..\include\libcc\thread\sys_thread.h"><Filter>include\libcc\thread</Filter></ClInclude><ClInclude Include="..\include\libcc\thread\windows\sys_thread.h"><Filter>include\libcc\thread\windows</Filter></ClInclude><ClInclude Include="..\include\libcc\time.h"><Filter>include\libcc</Filter></ClInclude><ClInclude Include="..\include\libcc\types.h"><Filter>include\libcc</Filter></ClInclude><ClInclude Include="..\include\libcc\url.h"><Filter>include\libcc</Filter></ClInclude><ClInclude Include="..\include\libcc\UTF.h"><Filter>include\libcc</Filter></ClInclude><ClInclude Include="..\include\libcc\uuid.h"><Filter>include\libcc</Filter></ClInclude><ClInclude Include="..\include\libcc\version.h"><Filter>include\libcc</Filter></ClInclude><ClInclude Include="..\include\libcc.h"><Filter>include</Filter></ClInclude><ClInclude Include="..\include\libcc\crypto\aes.h"><Filter>include\libcc\crypto</Filter></ClInclude><ClInclude Include="..\include\libcc\crypto\des.h"><Filter>include\libcc\crypto</Filter></ClInclude><ClInclude Include="..\include\libcc\crypto\base16.h"><Filter>include\libcc\crypto</Filter></ClInclude><ClInclude Include="..\include\libcc\crypto\base58.h"><Filter>include\libcc\crypto</Filter></ClInclude><ClInclude Include="..\include\libcc\crypto\base64.h"><Filter>include\libcc\crypto</Filter></ClInclude><ClInclude Include="..\include\libcc\crypto\md2.h"><Filter>include\libcc\crypto</Filter></ClInclude><ClInclude Include="..\include\libcc\crypto\md4.h"><Filter>include\libcc\crypto</Filter></ClInclude><ClInclude Include="..\include\libcc\crypto\md5.h"><Filter>include\libcc\crypto</Filter></ClInclude><ClInclude Include="..\include\libcc\crypto\hmac.h"><Filter>include\libcc\crypto</Filter></ClInclude><ClInclude Include="..\include\libcc\crypto\sha.h"><Filter>include\libcc\crypto</Filter></ClInclude><ClInclude Include="..\include\libcc\crypto\xxtea.h"><Filter>include\libcc\crypto</Filter></ClInclude><ClInclude Include="..\include\libcc\core\compiler.h"><Filter>include\libcc\core</Filter></ClInclude><ClInclude Include="..\include\libcc\core\platform.h"><Filter>include\libcc\core</Filter></ClInclude><ClInclude Include="..\include\libcc\core\cpu_info.h"><Filter>include\libcc\core</Filter></ClInclude><ClInclude Include="..\include\libcc\core\file.h"><Filter>include\libcc\core</Filter></ClInclude><ClInclude Include="..\include\libcc\core\windows\sys_flock.h"><Filter>include\libcc\core\windows</Filter></ClInclude><ClInclude Include="..\include\libcc\core\windows.h"><Filter>include\libcc\core</Filter></ClInclude><ClInclude Include="..\include\libcc\core\windows\sys_mmap.h"><Filter>include\libcc\core\windows</Filter></ClInclude></ItemGroup></Project>