<?xml version='1.0' encoding='utf-8'?>
<Project ToolsVersion="4.0" xmlns="http://schemas.microsoft.com/developer/msbuild/2003"><ItemGroup><Filter Include="assets"><UniqueIdentifier>0eeea3f6-e5b0-47ea-b984-330d7067545b</UniqueIdentifier><Extensions>rc;ico;cur;bmp;dlg;rc2;rct;bin;rgs;gif;jpg;jpeg;jpe;resx;tiff;tif;png;wav;mfcribbon-ms</Extensions></Filter><Filter Include="src"><UniqueIdentifier>6816992c-91f9-49eb-be2c-292281607272</UniqueIdentifier><Extensions>cpp;c;cc;cxx;def;odl;idl;hpj;bat;asm;asmx</Extensions></Filter><Filter Include="include"><UniqueIdentifier>40332223-5b22-4d03-a90b-18edc7d9e14c</UniqueIdentifier><Extensions>h;hpp;hxx;hm;inl;inc;xsd</Extensions></Filter><Filter Include="include"><UniqueIdentifier>722e464f-944d-4e04-90bc-06a23618c214</UniqueIdentifier></Filter><Filter Include="include\libcc"><UniqueIdentifier>908801f8-19d1-4b5c-8ff0-76481ebcffc4</UniqueIdentifier></Filter><Filter Include="include\libcc\widgets"><UniqueIdentifier>1d5217c9-e0cf-4197-8011-b055cb2edc31</UniqueIdentifier></Filter><Filter Include="src"><UniqueIdentifier>2973d3e6-d014-4e9a-9aa5-9367a40a7d16</UniqueIdentifier></Filter><Filter Include="src\widgets"><UniqueIdentifier>d9cce31f-f124-4ff2-9c3f-9d9a6fb9aaa4</UniqueIdentifier></Filter><Filter Include="src\widgets\db"><UniqueIdentifier>b00a7fa8-c475-451e-8f32-0a0c9ea9443c</UniqueIdentifier></Filter><Filter Include="src\widgets\event"><UniqueIdentifier>1c887c56-9eca-4348-8186-7077ab4122ec</UniqueIdentifier></Filter><Filter Include="src\widgets\event\windows"><UniqueIdentifier>8b356100-25d9-4b9b-9c90-5968841a3440</UniqueIdentifier></Filter><Filter Include="src\widgets\generic"><UniqueIdentifier>25ff27ca-3657-4a1f-a85c-865a770a819c</UniqueIdentifier></Filter><Filter Include="src\widgets\ini"><UniqueIdentifier>58597249-315a-46bd-982d-ccdaad46b4c5</UniqueIdentifier></Filter><Filter Include="src\widgets\json"><UniqueIdentifier>1f21edb7-b811-4ffe-a140-996b0e13c74f</UniqueIdentifier></Filter><Filter Include="src\widgets\url_request"><UniqueIdentifier>d443aa9e-7d74-4653-92a6-7026bb76ebc7</UniqueIdentifier></Filter><Filter Include="src\widgets\url_request\http"><UniqueIdentifier>e63a2705-e279-4bcf-bf15-357592a69a0d</UniqueIdentifier></Filter><Filter Include="src\widgets\xml"><UniqueIdentifier>668be0e6-2cac-4453-ac97-9a8b6ed7fdb5</UniqueIdentifier></Filter></ItemGroup><ItemGroup><ClCompile Include="..\src\widgets\db\sqlsvr.c"><Filter>src\widgets\db</Filter></ClCompile><ClCompile Include="..\src\widgets\generic\generic.c"><Filter>src\widgets\generic</Filter></ClCompile><ClCompile Include="..\src\widgets\generic\gzip.c"><Filter>src\widgets\generic</Filter></ClCompile><ClCompile Include="..\src\widgets\generic\http.header.c"><Filter>src\widgets\generic</Filter></ClCompile><ClCompile Include="..\src\widgets\generic\http.request.parser.c"><Filter>src\widgets\generic</Filter></ClCompile><ClCompile Include="..\src\widgets\generic\http.response.parser.c"><Filter>src\widgets\generic</Filter></ClCompile><ClCompile Include="..\src\widgets\generic\OpenSSL.c"><Filter>src\widgets\generic</Filter></ClCompile><ClCompile Include="..\src\widgets\db\mysql.c"><Filter>src\widgets\db</Filter></ClCompile><ClCompile Include="..\src\widgets\db\sqlite.c"><Filter>src\widgets\db</Filter></ClCompile><ClCompile Include="..\src\widgets\generic\WS.c"><Filter>src\widgets\generic</Filter></ClCompile><ClCompile Include="..\src\widgets\ini\ini.c"><Filter>src\widgets\ini</Filter></ClCompile><ClCompile Include="..\src\widgets\ini\ini.parser.c"><Filter>src\widgets\ini</Filter></ClCompile><ClCompile Include="..\src\widgets\xml\xml.c"><Filter>src\widgets\xml</Filter></ClCompile><ClCompile Include="..\src\widgets\xml\xml.parser.c"><Filter>src\widgets\xml</Filter></ClCompile><ClCompile Include="..\src\widgets\json\json.array.c"><Filter>src\widgets\json</Filter></ClCompile><ClCompile Include="..\src\widgets\json\json.c"><Filter>src\widgets\json</Filter></ClCompile><ClCompile Include="..\src\widgets\json\json.object.c"><Filter>src\widgets\json</Filter></ClCompile><ClCompile Include="..\src\widgets\json\json.parser.c"><Filter>src\widgets\json</Filter></ClCompile><ClCompile Include="..\src\widgets\url_request\http\url_request.c"><Filter>src\widgets\url_request\http</Filter></ClCompile><ClCompile Include="..\src\widgets\url_request\http\url_response.c"><Filter>src\widgets\url_request\http</Filter></ClCompile><ClCompile Include="..\src\widgets\event\event.c"><Filter>src\widgets\event</Filter></ClCompile><ClCompile Include="..\src\widgets\event\loop.c"><Filter>src\widgets\event</Filter></ClCompile><ClCompile Include="..\src\widgets\event\buffer.c"><Filter>src\widgets\event</Filter></ClCompile><ClCompile Include="..\src\widgets\event\select.c"><Filter>src\widgets\event</Filter></ClCompile><ClCompile Include="..\src\widgets\event\tcp.c"><Filter>src\widgets\event</Filter></ClCompile><ClCompile Include="..\src\widgets\event\timeout.c"><Filter>src\widgets\event</Filter></ClCompile><ClCompile Include="..\src\widgets\event\windows\sys_iocp.c"><Filter>src\widgets\event\windows</Filter></ClCompile><ClCompile Include="..\src\widgets\event\windows\sys_io_context.c"><Filter>src\widgets\event\windows</Filter></ClCompile><ClCompile Include="..\src\widgets\event\windows\sys_WSA.c"><Filter>src\widgets\event\windows</Filter></ClCompile><ClCompile Include="..\src\widgets\widgets.c"><Filter>src\widgets</Filter></ClCompile><ClCompile Include="..\src\widgets\main.c"><Filter>src\widgets</Filter></ClCompile></ItemGroup><ItemGroup><ClInclude Include="..\include\libcc\widgets\event.h"><Filter>include\libcc\widgets</Filter></ClInclude><ClInclude Include="..\include\libcc\widgets\http.h"><Filter>include\libcc\widgets</Filter></ClInclude><ClInclude Include="..\include\libcc\widgets\ini.h"><Filter>include\libcc\widgets</Filter></ClInclude><ClInclude Include="..\include\libcc\widgets\json.h"><Filter>include\libcc\widgets</Filter></ClInclude><ClInclude Include="..\include\libcc\widgets\socks5.h"><Filter>include\libcc\widgets</Filter></ClInclude><ClInclude Include="..\include\libcc\widgets\sql.h"><Filter>include\libcc\widgets</Filter></ClInclude><ClInclude Include="..\include\libcc\widgets\timeout.h"><Filter>include\libcc\widgets</Filter></ClInclude><ClInclude Include="..\include\libcc\widgets\WS.h"><Filter>include\libcc\widgets</Filter></ClInclude><ClInclude Include="..\include\libcc\widgets\xml.h"><Filter>include\libcc\widgets</Filter></ClInclude><ClInclude Include="..\include\libcc\widgets\dns.h"><Filter>include\libcc\widgets</Filter></ClInclude><ClInclude Include="..\include\libcc\widgets\dylib.h"><Filter>include\libcc\widgets</Filter></ClInclude><ClInclude Include="..\include\libcc\widgets\ftp.h"><Filter>include\libcc\widgets</Filter></ClInclude><ClInclude Include="..\include\libcc\widgets\ip_locator.h"><Filter>include\libcc\widgets</Filter></ClInclude><ClInclude Include="..\include\libcc\widgets\smtp.h"><Filter>include\libcc\widgets</Filter></ClInclude><ClInclude Include="..\include\libcc\widgets\OpenSSL.h"><Filter>include\libcc\widgets</Filter></ClInclude><ClInclude Include="..\include\libcc\widgets\gzip.h"><Filter>include\libcc\widgets</Filter></ClInclude><ClInclude Include="..\include\libcc\widgets\url_request.h"><Filter>include\libcc\widgets</Filter></ClInclude><ClInclude Include="..\include\libcc\widgets\widgets.h"><Filter>include\libcc\widgets</Filter></ClInclude><ClInclude Include="..\src\widgets\event\event.c.h"><Filter>src\widgets\event</Filter></ClInclude><ClInclude Include="..\src\widgets\event\windows\sys_iocp.h"><Filter>src\widgets\event\windows</Filter></ClInclude><ClInclude Include="..\src\widgets\event\windows\sys_socket_c.h"><Filter>src\widgets\event\windows</Filter></ClInclude><ClInclude Include="..\src\widgets\generic\generic.c.h"><Filter>src\widgets\generic</Filter></ClInclude><ClInclude Include="..\src\widgets\ini\ini.c.h"><Filter>src\widgets\ini</Filter></ClInclude><ClInclude Include="..\src\widgets\json\json.c.h"><Filter>src\widgets\json</Filter></ClInclude><ClInclude Include="..\src\widgets\xml\xml.c.h"><Filter>src\widgets\xml</Filter></ClInclude></ItemGroup></Project>