<?xml version='1.0' encoding='utf-8'?>
<Project ToolsVersion="4.0" xmlns="http://schemas.microsoft.com/developer/msbuild/2003"><ItemGroup><Filter Include="assets"><UniqueIdentifier>6b8c5f5d-3d15-435a-b4f0-7e308c093668</UniqueIdentifier><Extensions>rc;ico;cur;bmp;dlg;rc2;rct;bin;rgs;gif;jpg;jpeg;jpe;resx;tiff;tif;png;wav;mfcribbon-ms</Extensions></Filter><Filter Include="src"><UniqueIdentifier>d8993b85-7ba9-472f-8a98-619e632f9a19</UniqueIdentifier><Extensions>cpp;c;cc;cxx;def;odl;idl;hpj;bat;asm;asmx</Extensions></Filter><Filter Include="include"><UniqueIdentifier>177b63c6-e12e-4dfb-9440-84800f83a018</UniqueIdentifier><Extensions>h;hpp;hxx;hm;inl;inc;xsd</Extensions></Filter><Filter Include="tests"><UniqueIdentifier>7292a94e-5606-4ea2-9ec9-c58a3d5ba758</UniqueIdentifier></Filter></ItemGroup><ItemGroup><ClCompile Include="..\tests\test_atomic.c"><Filter>tests</Filter></ClCompile></ItemGroup><ItemGroup /></Project>